// !$*UTF8*$!
{
	archiveVersion = 1;
	classes = {
	};
	objectVersion = 46;
	objects = {

/* Begin PBXBuildFile section */
		538911AD1B455E4C00719557 /* Images.xcassets in Resources */ = {isa = PBXBuildFile; fileRef = 538911AC1B455E4C00719557 /* Images.xcassets */; };
		538911B01B455E4C00719557 /* LaunchScreen.xib in Resources */ = {isa = PBXBuildFile; fileRef = 538911AE1B455E4C00719557 /* LaunchScreen.xib */; };
		538911BC1B455E4C00719557 /* FantasyWeiboTests.m in Sources */ = {isa = PBXBuildFile; fileRef = 538911BB1B455E4C00719557 /* FantasyWeiboTests.m */; };
		538911C91B455F1A00719557 /* AppDelegate.m in Sources */ = {isa = PBXBuildFile; fileRef = 538911C71B455F1A00719557 /* AppDelegate.m */; };
		538911CA1B455F1A00719557 /* main.m in Sources */ = {isa = PBXBuildFile; fileRef = 538911C81B455F1A00719557 /* main.m */; };
/* End PBXBuildFile section */

/* Begin PBXContainerItemProxy section */
		538911B61B455E4C00719557 /* PBXContainerItemProxy */ = {
			isa = PBXContainerItemProxy;
			containerPortal = 538911941B455E4C00719557 /* Project object */;
			proxyType = 1;
			remoteGlobalIDString = 5389119B1B455E4C00719557;
			remoteInfo = FantasyWeibo;
		};
/* End PBXContainerItemProxy section */

/* Begin PBXFileReference section */
		5389119C1B455E4C00719557 /* FantasyWeibo.app */ = {isa = PBXFileReference; explicitFileType = wrapper.application; includeInIndex = 0; path = FantasyWeibo.app; sourceTree = BUILT_PRODUCTS_DIR; };
		538911A01B455E4C00719557 /* Info.plist */ = {isa = PBXFileReference; lastKnownFileType = text.plist.xml; path = Info.plist; sourceTree = "<group>"; };
		538911AC1B455E4C00719557 /* Images.xcassets */ = {isa = PBXFileReference; lastKnownFileType = folder.assetcatalog; path = Images.xcassets; sourceTree = "<group>"; };
		538911AF1B455E4C00719557 /* Base */ = {isa = PBXFileReference; lastKnownFileType = file.xib; name = Base; path = Base.lproj/LaunchScreen.xib; sourceTree = "<group>"; };
		538911B51B455E4C00719557 /* FantasyWeiboTests.xctest */ = {isa = PBXFileReference; explicitFileType = wrapper.cfbundle; includeInIndex = 0; path = FantasyWeiboTests.xctest; sourceTree = BUILT_PRODUCTS_DIR; };
		538911BA1B455E4C00719557 /* Info.plist */ = {isa = PBXFileReference; lastKnownFileType = text.plist.xml; path = Info.plist; sourceTree = "<group>"; };
		538911BB1B455E4C00719557 /* FantasyWeiboTests.m */ = {isa = PBXFileReference; lastKnownFileType = sourcecode.c.objc; path = FantasyWeiboTests.m; sourceTree = "<group>"; };
		538911C61B455F1A00719557 /* AppDelegate.h */ = {isa = PBXFileReference; fileEncoding = 4; lastKnownFileType = sourcecode.c.h; path = AppDelegate.h; sourceTree = "<group>"; };
		538911C71B455F1A00719557 /* AppDelegate.m */ = {isa = PBXFileReference; fileEncoding = 4; lastKnownFileType = sourcecode.c.objc; path = AppDelegate.m; sourceTree = "<group>"; };
		538911C81B455F1A00719557 /* main.m */ = {isa = PBXFileReference; fileEncoding = 4; lastKnownFileType = sourcecode.c.objc; path = main.m; sourceTree = "<group>"; };
/* End PBXFileReference section */

/* Begin PBXFrameworksBuildPhase section */
		538911991B455E4C00719557 /* Frameworks */ = {
			isa = PBXFrameworksBuildPhase;
			buildActionMask = 2147483647;
			files = (
			);
			runOnlyForDeploymentPostprocessing = 0;
		};
		538911B21B455E4C00719557 /* Frameworks */ = {
			isa = PBXFrameworksBuildPhase;
			buildActionMask = 2147483647;
			files = (
			);
			runOnlyForDeploymentPostprocessing = 0;
		};
/* End PBXFrameworksBuildPhase section */

/* Begin PBXGroup section */
		538911931B455E4C00719557 = {
			isa = PBXGroup;
			children = (
				5389119E1B455E4C00719557 /* FantasyWeibo */,
				538911B81B455E4C00719557 /* FantasyWeiboTests */,
				5389119D1B455E4C00719557 /* Products */,
			);
			sourceTree = "<group>";
		};
		5389119D1B455E4C00719557 /* Products */ = {
			isa = PBXGroup;
			children = (
				5389119C1B455E4C00719557 /* FantasyWeibo.app */,
				538911B51B455E4C00719557 /* FantasyWeiboTests.xctest */,
			);
			name = Products;
			sourceTree = "<group>";
		};
		5389119E1B455E4C00719557 /* FantasyWeibo */ = {
			isa = PBXGroup;
			children = (
				538911C51B455F1A00719557 /* Classes */,
				5389119F1B455E4C00719557 /* Supporting Files */,
			);
			path = FantasyWeibo;
			sourceTree = "<group>";
		};
		5389119F1B455E4C00719557 /* Supporting Files */ = {
			isa = PBXGroup;
			children = (
				538911AC1B455E4C00719557 /* Images.xcassets */,
				538911AE1B455E4C00719557 /* LaunchScreen.xib */,
				538911A01B455E4C00719557 /* Info.plist */,
			);
			name = "Supporting Files";
			sourceTree = "<group>";
		};
		538911B81B455E4C00719557 /* FantasyWeiboTests */ = {
			isa = PBXGroup;
			children = (
				538911BB1B455E4C00719557 /* FantasyWeiboTests.m */,
				538911B91B455E4C00719557 /* Supporting Files */,
			);
			path = FantasyWeiboTests;
			sourceTree = "<group>";
		};
		538911B91B455E4C00719557 /* Supporting Files */ = {
			isa = PBXGroup;
			children = (
				538911BA1B455E4C00719557 /* Info.plist */,
			);
			name = "Supporting Files";
			sourceTree = "<group>";
		};
		538911C51B455F1A00719557 /* Classes */ = {
			isa = PBXGroup;
			children = (
				538911C61B455F1A00719557 /* AppDelegate.h */,
				538911C71B455F1A00719557 /* AppDelegate.m */,
				538911C81B455F1A00719557 /* main.m */,
			);
			path = Classes;
			sourceTree = "<group>";
		};
/* End PBXGroup section */

/* Begin PBXNativeTarget section */
		5389119B1B455E4C00719557 /* FantasyWeibo */ = {
			isa = PBXNativeTarget;
			buildConfigurationList = 538911BF1B455E4C00719557 /* Build configuration list for PBXNativeTarget "FantasyWeibo" */;
			buildPhases = (
				538911981B455E4C00719557 /* Sources */,
				538911991B455E4C00719557 /* Frameworks */,
				5389119A1B455E4C00719557 /* Resources */,
			);
			buildRules = (
			);
			dependencies = (
			);
			name = FantasyWeibo;
			productName = FantasyWeibo;
			productReference = 5389119C1B455E4C00719557 /* FantasyWeibo.app */;
			productType = "com.apple.product-type.application";
		};
		538911B41B455E4C00719557 /* FantasyWeiboTests */ = {
			isa = PBXNativeTarget;
			buildConfigurationList = 538911C21B455E4C00719557 /* Build configuration list for PBXNativeTarget "FantasyWeiboTests" */;
			buildPhases = (
				538911B11B455E4C00719557 /* Sources */,
				538911B21B455E4C00719557 /* Frameworks */,
				538911B31B455E4C00719557 /* Resources */,
			);
			buildRules = (
			);
			dependencies = (
				538911B71B455E4C00719557 /* PBXTargetDependency */,
			);
			name = FantasyWeiboTests;
			productName = FantasyWeiboTests;
			productReference = 538911B51B455E4C00719557 /* FantasyWeiboTests.xctest */;
			productType = "com.apple.product-type.bundle.unit-test";
		};
/* End PBXNativeTarget section */

/* Begin PBXProject section */
		538911941B455E4C00719557 /* Project object */ = {
			isa = PBXProject;
			attributes = {
				LastUpgradeCheck = 0630;
				ORGANIZATIONNAME = clm;
				TargetAttributes = {
					5389119B1B455E4C00719557 = {
						CreatedOnToolsVersion = 6.3.2;
					};
					538911B41B455E4C00719557 = {
						CreatedOnToolsVersion = 6.3.2;
						TestTargetID = 5389119B1B455E4C00719557;
					};
				};
			};
			buildConfigurationList = 538911971B455E4C00719557 /* Build configuration list for PBXProject "FantasyWeibo" */;
			compatibilityVersion = "Xcode 3.2";
			developmentRegion = English;
			hasScannedForEncodings = 0;
			knownRegions = (
				en,
				Base,
			);
			mainGroup = 538911931B455E4C00719557;
			productRefGroup = 5389119D1B455E4C00719557 /* Products */;
			projectDirPath = "";
			projectRoot = "";
			targets = (
				5389119B1B455E4C00719557 /* FantasyWeibo */,
				538911B41B455E4C00719557 /* FantasyWeiboTests */,
			);
		};
/* End PBXProject section */

/* Begin PBXResourcesBuildPhase section */
		5389119A1B455E4C00719557 /* Resources */ = {
			isa = PBXResourcesBuildPhase;
			buildActionMask = 2147483647;
			files = (
				538911B01B455E4C00719557 /* LaunchScreen.xib in Resources */,
				538911AD1B455E4C00719557 /* Images.xcassets in Resources */,
			);
			runOnlyForDeploymentPostprocessing = 0;
		};
		538911B31B455E4C00719557 /* Resources */ = {
			isa = PBXResourcesBuildPhase;
			buildActionMask = 2147483647;
			files = (
			);
			runOnlyForDeploymentPostprocessing = 0;
		};
/* End PBXResourcesBuildPhase section */

/* Begin PBXSourcesBuildPhase section */
		538911981B455E4C00719557 /* Sources */ = {
			isa = PBXSourcesBuildPhase;
			buildActionMask = 2147483647;
			files = (
				538911CA1B455F1A00719557 /* main.m in Sources */,
				538911C91B455F1A00719557 /* AppDelegate.m in Sources */,
			);
			runOnlyForDeploymentPostprocessing = 0;
		};
		538911B11B455E4C00719557 /* Sources */ = {
			isa = PBXSourcesBuildPhase;
			buildActionMask = 2147483647;
			files = (
				538911BC1B455E4C00719557 /* FantasyWeiboTests.m in Sources */,
			);
			runOnlyForDeploymentPostprocessing = 0;
		};
/* End PBXSourcesBuildPhase section */

/* Begin PBXTargetDependency section */
		538911B71B455E4C00719557 /* PBXTargetDependency */ = {
			isa = PBXTargetDependency;
			target = 5389119B1B455E4C00719557 /* FantasyWeibo */;
			targetProxy = 538911B61B455E4C00719557 /* PBXContainerItemProxy */;
		};
/* End PBXTargetDependency section */

/* Begin PBXVariantGroup section */
		538911AE1B455E4C00719557 /* LaunchScreen.xib */ = {
			isa = PBXVariantGroup;
			children = (
				538911AF1B455E4C00719557 /* Base */,
			);
			name = LaunchScreen.xib;
			sourceTree = "<group>";
		};
/* End PBXVariantGroup section */

/* Begin XCBuildConfiguration section */
		538911BD1B455E4C00719557 /* Debug */ = {
			isa = XCBuildConfiguration;
			buildSettings = {
				ALWAYS_SEARCH_USER_PATHS = NO;
				CLANG_CXX_LANGUAGE_STANDARD = "gnu++0x";
				CLANG_CXX_LIBRARY = "libc++";
				CLANG_ENABLE_MODULES = YES;
				CLANG_ENABLE_OBJC_ARC = YES;
				CLANG_WARN_BOOL_CONVERSION = YES;
				CLANG_WARN_CONSTANT_CONVERSION = YES;
				CLANG_WARN_DIRECT_OBJC_ISA_USAGE = YES_ERROR;
				CLANG_WARN_EMPTY_BODY = YES;
				CLANG_WARN_ENUM_CONVERSION = YES;
				CLANG_WARN_INT_CONVERSION = YES;
				CLANG_WARN_OBJC_ROOT_CLASS = YES_ERROR;
				CLANG_WARN_UNREACHABLE_CODE = YES;
				CLANG_WARN__DUPLICATE_METHOD_MATCH = YES;
				"CODE_SIGN_IDENTITY[sdk=iphoneos*]" = "iPhone Developer";
				COPY_PHASE_STRIP = NO;
				DEBUG_INFORMATION_FORMAT = "dwarf-with-dsym";
				ENABLE_STRICT_OBJC_MSGSEND = YES;
				GCC_C_LANGUAGE_STANDARD = gnu99;
				GCC_DYNAMIC_NO_PIC = NO;
				GCC_NO_COMMON_BLOCKS = YES;
				GCC_OPTIMIZATION_LEVEL = 0;
				GCC_PREPROCESSOR_DEFINITIONS = (
					"DEBUG=1",
					"$(inherited)",
				);
				GCC_SYMBOLS_PRIVATE_EXTERN = NO;
				GCC_WARN_64_TO_32_BIT_CONVERSION = YES;
				GCC_WARN_ABOUT_RETURN_TYPE = YES_ERROR;
				GCC_WARN_UNDECLARED_SELECTOR = YES;
				GCC_WARN_UNINITIALIZED_AUTOS = YES_AGGRESSIVE;
				GCC_WARN_UNUSED_FUNCTION = YES;
				GCC_WARN_UNUSED_VARIABLE = YES;
				IPHONEOS_DEPLOYMENT_TARGET = 8.3;
				MTL_ENABLE_DEBUG_INFO = YES;
				ONLY_ACTIVE_ARCH = YES;
				SDKROOT = iphoneos;
			};
			name = Debug;
		};
		538911BE1B455E4C00719557 /* Release */ = {
			isa = XCBuildConfiguration;
			buildSettings = {
				ALWAYS_SEARCH_USER_PATHS = NO;
				CLANG_CXX_LANGUAGE_STANDARD = "gnu++0x";
				CLANG_CXX_LIBRARY = "libc++";
				CLANG_ENABLE_MODULES = YES;
				CLANG_ENABLE_OBJC_ARC = YES;
				CLANG_WARN_BOOL_CONVERSION = YES;
				CLANG_WARN_CONSTANT_CONVERSION = YES;
				CLANG_WARN_DIRECT_OBJC_ISA_USAGE = YES_ERROR;
				CLANG_WARN_EMPTY_BODY = YES;
				CLANG_WARN_ENUM_CONVERSION = YES;
				CLANG_WARN_INT_CONVERSION = YES;
				CLANG_WARN_OBJC_ROOT_CLASS = YES_ERROR;
				CLANG_WARN_UNREACHABLE_CODE = YES;
				CLANG_WARN__DUPLICATE_METHOD_MATCH = YES;
				"CODE_SIGN_IDENTITY[sdk=iphoneos*]" = "iPhone Developer";
				COPY_PHASE_STRIP = NO;
				DEBUG_INFORMATION_FORMAT = "dwarf-with-dsym";
				ENABLE_NS_ASSERTIONS = NO;
				ENABLE_STRICT_OBJC_MSGSEND = YES;
				GCC_C_LANGUAGE_STANDARD = gnu99;
				GCC_NO_COMMON_BLOCKS = YES;
				GCC_WARN_64_TO_32_BIT_CONVERSION = YES;
				GCC_WARN_ABOUT_RETURN_TYPE = YES_ERROR;
				GCC_WARN_UNDECLARED_SELECTOR = YES;
				GCC_WARN_UNINITIALIZED_AUTOS = YES_AGGRESSIVE;
				GCC_WARN_UNUSED_FUNCTION = YES;
				GCC_WARN_UNUSED_VARIABLE = YES;
				IPHONEOS_DEPLOYMENT_TARGET = 8.3;
				MTL_ENABLE_DEBUG_INFO = NO;
				SDKROOT = iphoneos;
				VALIDATE_PRODUCT = YES;
			};
			name = Release;
		};
		538911C01B455E4C00719557 /* Debug */ = {
			isa = XCBuildConfiguration;
			buildSettings = {
				ASSETCATALOG_COMPILER_APPICON_NAME = AppIcon;
				ASSETCATALOG_COMPILER_LAUNCHIMAGE_NAME = LaunchImage;
				INFOPLIST_FILE = FantasyWeibo/Info.plist;
				LD_RUNPATH_SEARCH_PATHS = "$(inherited) @executable_path/Frameworks";
				PRODUCT_NAME = "$(TARGET_NAME)";
			};
			name = Debug;
		};
		538911C11B455E4C00719557 /* Release */ = {
			isa = XCBuildConfiguration;
			buildSettings = {
				ASSETCATALOG_COMPILER_APPICON_NAME = AppIcon;
				ASSETCATALOG_COMPILER_LAUNCHIMAGE_NAME = LaunchImage;
				INFOPLIST_FILE = FantasyWeibo/Info.plist;
				LD_RUNPATH_SEARCH_PATHS = "$(inherited) @executable_path/Frameworks";
				PRODUCT_NAME = "$(TARGET_NAME)";
			};
			name = Release;
		};
		538911C31B455E4C00719557 /* Debug */ = {
			isa = XCBuildConfiguration;
			buildSettings = {
				BUNDLE_LOADER = "$(TEST_HOST)";
				FRAMEWORK_SEARCH_PATHS = (
					"$(SDKROOT)/Developer/Library/Frameworks",
					"$(inherited)",
				);
				GCC_PREPROCESSOR_DEFINITIONS = (
					"DEBUG=1",
					"$(inherited)",
				);
				INFOPLIST_FILE = FantasyWeiboTests/Info.plist;
				LD_RUNPATH_SEARCH_PATHS = "$(inherited) @executable_path/Frameworks @loader_path/Frameworks";
				PRODUCT_NAME = "$(TARGET_NAME)";
				TEST_HOST = "$(BUILT_PRODUCTS_DIR)/FantasyWeibo.app/FantasyWeibo";
			};
			name = Debug;
		};
		538911C41B455E4C00719557 /* Release */ = {
			isa = XCBuildConfiguration;
			buildSettings = {
				BUNDLE_LOADER = "$(TEST_HOST)";
				FRAMEWORK_SEARCH_PATHS = (
					"$(SDKROOT)/Developer/Library/Frameworks",
					"$(inherited)",
				);
				INFOPLIST_FILE = FantasyWeiboTests/Info.plist;
				LD_RUNPATH_SEARCH_PATHS = "$(inherited) @executable_path/Frameworks @loader_path/Frameworks";
				PRODUCT_NAME = "$(TARGET_NAME)";
				TEST_HOST = "$(BUILT_PRODUCTS_DIR)/FantasyWeibo.app/FantasyWeibo";
			};
			name = Release;
		};
/* End XCBuildConfiguration section */

/* Begin XCConfigurationList section */
		538911971B455E4C00719557 /* Build configuration list for PBXProject "FantasyWeibo" */ = {
			isa = XCConfigurationList;
			buildConfigurations = (
				538911BD1B455E4C00719557 /* Debug */,
				538911BE1B455E4C00719557 /* Release */,
			);
			defaultConfigurationIsVisible = 0;
			defaultConfigurationName = Release;
		};
		538911BF1B455E4C00719557 /* Build configuration list for PBXNativeTarget "FantasyWeibo" */ = {
			isa = XCConfigurationList;
			buildConfigurations = (
				538911C01B455E4C00719557 /* Debug */,
				538911C11B455E4C00719557 /* Release */,
			);
			defaultConfigurationIsVisible = 0;
		};
		538911C21B455E4C00719557 /* Build configuration list for PBXNativeTarget "FantasyWeiboTests" */ = {
			isa = XCConfigurationList;
			buildConfigurations = (
				538911C31B455E4C00719557 /* Debug */,
				538911C41B455E4C00719557 /* Release */,
			);
			defaultConfigurationIsVisible = 0;
		};
/* End XCConfigurationList section */
	};
	rootObject = 538911941B455E4C00719557 /* Project object */;
}
