// !$*UTF8*$!
{
	archiveVersion = 1;
	classes = {
	};
	objectVersion = 46;
	objects = {

/* Begin PBXBuildFile section */
		53124C3E1B61F50E001357A5 /* FTDropdownMenu.m in Sources */ = {isa = PBXBuildFile; fileRef = 53124C3D1B61F50E001357A5 /* FTDropdownMenu.m */; };
		53124C411B61F696001357A5 /* FTTitleMenuViewController.m in Sources */ = {isa = PBXBuildFile; fileRef = 53124C401B61F696001357A5 /* FTTitleMenuViewController.m */; };
		537CD8D41B662C9D0022BBF5 /* FTNewFeatureViewController.m in Sources */ = {isa = PBXBuildFile; fileRef = 537CD8D31B662C9D0022BBF5 /* FTNewFeatureViewController.m */; };
		537CD8E91B66746B0022BBF5 /* AFHTTPRequestOperation.m in Sources */ = {isa = PBXBuildFile; fileRef = 537CD8D71B66746B0022BBF5 /* AFHTTPRequestOperation.m */; };
		537CD8EA1B66746B0022BBF5 /* AFHTTPRequestOperationManager.m in Sources */ = {isa = PBXBuildFile; fileRef = 537CD8D91B66746B0022BBF5 /* AFHTTPRequestOperationManager.m */; };
		537CD8EB1B66746B0022BBF5 /* AFHTTPSessionManager.m in Sources */ = {isa = PBXBuildFile; fileRef = 537CD8DB1B66746B0022BBF5 /* AFHTTPSessionManager.m */; };
		537CD8EC1B66746B0022BBF5 /* AFNetworkReachabilityManager.m in Sources */ = {isa = PBXBuildFile; fileRef = 537CD8DE1B66746B0022BBF5 /* AFNetworkReachabilityManager.m */; };
		537CD8ED1B66746B0022BBF5 /* AFSecurityPolicy.m in Sources */ = {isa = PBXBuildFile; fileRef = 537CD8E01B66746B0022BBF5 /* AFSecurityPolicy.m */; };
		537CD8EE1B66746B0022BBF5 /* AFURLConnectionOperation.m in Sources */ = {isa = PBXBuildFile; fileRef = 537CD8E21B66746B0022BBF5 /* AFURLConnectionOperation.m */; };
		537CD8EF1B66746B0022BBF5 /* AFURLRequestSerialization.m in Sources */ = {isa = PBXBuildFile; fileRef = 537CD8E41B66746B0022BBF5 /* AFURLRequestSerialization.m */; };
		537CD8F01B66746B0022BBF5 /* AFURLResponseSerialization.m in Sources */ = {isa = PBXBuildFile; fileRef = 537CD8E61B66746B0022BBF5 /* AFURLResponseSerialization.m */; };
		537CD8F11B66746B0022BBF5 /* AFURLSessionManager.m in Sources */ = {isa = PBXBuildFile; fileRef = 537CD8E81B66746B0022BBF5 /* AFURLSessionManager.m */; };
		538911AD1B455E4C00719557 /* Images.xcassets in Resources */ = {isa = PBXBuildFile; fileRef = 538911AC1B455E4C00719557 /* Images.xcassets */; };
		538911B01B455E4C00719557 /* LaunchScreen.xib in Resources */ = {isa = PBXBuildFile; fileRef = 538911AE1B455E4C00719557 /* LaunchScreen.xib */; };
		538911BC1B455E4C00719557 /* FantasyWeiboTests.m in Sources */ = {isa = PBXBuildFile; fileRef = 538911BB1B455E4C00719557 /* FantasyWeiboTests.m */; };
		53A0DB061B71A19F0085F65A /* MKAnnotationView+WebCache.m in Sources */ = {isa = PBXBuildFile; fileRef = 53A0DAE61B71A19F0085F65A /* MKAnnotationView+WebCache.m */; };
		53A0DB071B71A19F0085F65A /* NSData+ImageContentType.m in Sources */ = {isa = PBXBuildFile; fileRef = 53A0DAE81B71A19F0085F65A /* NSData+ImageContentType.m */; };
		53A0DB081B71A19F0085F65A /* SDImageCache.m in Sources */ = {isa = PBXBuildFile; fileRef = 53A0DAEA1B71A19F0085F65A /* SDImageCache.m */; };
		53A0DB091B71A19F0085F65A /* SDWebImageCompat.m in Sources */ = {isa = PBXBuildFile; fileRef = 53A0DAEC1B71A19F0085F65A /* SDWebImageCompat.m */; };
		53A0DB0A1B71A19F0085F65A /* SDWebImageDecoder.m in Sources */ = {isa = PBXBuildFile; fileRef = 53A0DAEE1B71A19F0085F65A /* SDWebImageDecoder.m */; };
		53A0DB0B1B71A19F0085F65A /* SDWebImageDownloader.m in Sources */ = {isa = PBXBuildFile; fileRef = 53A0DAF01B71A19F0085F65A /* SDWebImageDownloader.m */; };
		53A0DB0C1B71A19F0085F65A /* SDWebImageDownloaderOperation.m in Sources */ = {isa = PBXBuildFile; fileRef = 53A0DAF21B71A19F0085F65A /* SDWebImageDownloaderOperation.m */; };
		53A0DB0D1B71A19F0085F65A /* SDWebImageManager.m in Sources */ = {isa = PBXBuildFile; fileRef = 53A0DAF41B71A19F0085F65A /* SDWebImageManager.m */; };
		53A0DB0E1B71A19F0085F65A /* SDWebImagePrefetcher.m in Sources */ = {isa = PBXBuildFile; fileRef = 53A0DAF71B71A19F0085F65A /* SDWebImagePrefetcher.m */; };
		53A0DB0F1B71A19F0085F65A /* UIButton+WebCache.m in Sources */ = {isa = PBXBuildFile; fileRef = 53A0DAF91B71A19F0085F65A /* UIButton+WebCache.m */; };
		53A0DB101B71A19F0085F65A /* UIImage+GIF.m in Sources */ = {isa = PBXBuildFile; fileRef = 53A0DAFB1B71A19F0085F65A /* UIImage+GIF.m */; };
		53A0DB111B71A19F0085F65A /* UIImage+MultiFormat.m in Sources */ = {isa = PBXBuildFile; fileRef = 53A0DAFD1B71A19F0085F65A /* UIImage+MultiFormat.m */; };
		53A0DB121B71A19F0085F65A /* UIImage+WebP.m in Sources */ = {isa = PBXBuildFile; fileRef = 53A0DAFF1B71A19F0085F65A /* UIImage+WebP.m */; };
		53A0DB131B71A19F0085F65A /* UIImageView+HighlightedWebCache.m in Sources */ = {isa = PBXBuildFile; fileRef = 53A0DB011B71A19F0085F65A /* UIImageView+HighlightedWebCache.m */; };
		53A0DB141B71A19F0085F65A /* UIImageView+WebCache.m in Sources */ = {isa = PBXBuildFile; fileRef = 53A0DB031B71A19F0085F65A /* UIImageView+WebCache.m */; };
		53A0DB151B71A19F0085F65A /* UIView+WebCacheOperation.m in Sources */ = {isa = PBXBuildFile; fileRef = 53A0DB051B71A19F0085F65A /* UIView+WebCacheOperation.m */; };
		53A0DB2E1B71A1AF0085F65A /* MJArgument.m in Sources */ = {isa = PBXBuildFile; fileRef = 53A0DB181B71A1AF0085F65A /* MJArgument.m */; };
		53A0DB2F1B71A1AF0085F65A /* MJConst.m in Sources */ = {isa = PBXBuildFile; fileRef = 53A0DB1A1B71A1AF0085F65A /* MJConst.m */; };
		53A0DB301B71A1AF0085F65A /* MJFoundation.m in Sources */ = {isa = PBXBuildFile; fileRef = 53A0DB1D1B71A1AF0085F65A /* MJFoundation.m */; };
		53A0DB311B71A1AF0085F65A /* MJIvar.m in Sources */ = {isa = PBXBuildFile; fileRef = 53A0DB1F1B71A1AF0085F65A /* MJIvar.m */; };
		53A0DB321B71A1AF0085F65A /* MJMember.m in Sources */ = {isa = PBXBuildFile; fileRef = 53A0DB211B71A1AF0085F65A /* MJMember.m */; };
		53A0DB331B71A1AF0085F65A /* MJMethod.m in Sources */ = {isa = PBXBuildFile; fileRef = 53A0DB231B71A1AF0085F65A /* MJMethod.m */; };
		53A0DB341B71A1AF0085F65A /* MJType.m in Sources */ = {isa = PBXBuildFile; fileRef = 53A0DB251B71A1AF0085F65A /* MJType.m */; };
		53A0DB351B71A1AF0085F65A /* MJTypeEncoding.m in Sources */ = {isa = PBXBuildFile; fileRef = 53A0DB271B71A1AF0085F65A /* MJTypeEncoding.m */; };
		53A0DB361B71A1AF0085F65A /* NSObject+MJCoding.m in Sources */ = {isa = PBXBuildFile; fileRef = 53A0DB291B71A1AF0085F65A /* NSObject+MJCoding.m */; };
		53A0DB371B71A1AF0085F65A /* NSObject+MJKeyValue.m in Sources */ = {isa = PBXBuildFile; fileRef = 53A0DB2B1B71A1AF0085F65A /* NSObject+MJKeyValue.m */; };
		53A0DB381B71A1AF0085F65A /* NSObject+MJMember.m in Sources */ = {isa = PBXBuildFile; fileRef = 53A0DB2D1B71A1AF0085F65A /* NSObject+MJMember.m */; };
		53A0DB3A1B71A1FF0085F65A /* Foundation+Log.m in Sources */ = {isa = PBXBuildFile; fileRef = 53A0DB391B71A1FF0085F65A /* Foundation+Log.m */; };
		53A0DB3D1B71A6930085F65A /* FTUser.m in Sources */ = {isa = PBXBuildFile; fileRef = 53A0DB3C1B71A6930085F65A /* FTUser.m */; };
		53A0DB401B71A6DE0085F65A /* FTStatus.m in Sources */ = {isa = PBXBuildFile; fileRef = 53A0DB3F1B71A6DE0085F65A /* FTStatus.m */; };
		53A0DB461B71A9960085F65A /* FTTitleButton.m in Sources */ = {isa = PBXBuildFile; fileRef = 53A0DB451B71A9960085F65A /* FTTitleButton.m */; };
		53A0DB531B71CFCD0085F65A /* FTLoadMoreFooter.m in Sources */ = {isa = PBXBuildFile; fileRef = 53A0DB521B71CFCD0085F65A /* FTLoadMoreFooter.m */; };
		53A0DB551B71CFDA0085F65A /* FTLoadMoreFooter.xib in Resources */ = {isa = PBXBuildFile; fileRef = 53A0DB541B71CFDA0085F65A /* FTLoadMoreFooter.xib */; };
		53A0DB5D1B7201A40085F65A /* FTStatusCell.m in Sources */ = {isa = PBXBuildFile; fileRef = 53A0DB5C1B7201A40085F65A /* FTStatusCell.m */; };
		53A0DB601B72059B0085F65A /* FTStatusFrame.m in Sources */ = {isa = PBXBuildFile; fileRef = 53A0DB5F1B72059B0085F65A /* FTStatusFrame.m */; };
		53D7C7AC1B5DDFC900EF0F44 /* FantasyDiscoverViewController.m in Sources */ = {isa = PBXBuildFile; fileRef = 53D7C7801B5DDFC900EF0F44 /* FantasyDiscoverViewController.m */; };
		53D7C7AD1B5DDFC900EF0F44 /* FantasyHomeViewController.m in Sources */ = {isa = PBXBuildFile; fileRef = 53D7C7861B5DDFC900EF0F44 /* FantasyHomeViewController.m */; };
		53D7C7AE1B5DDFC900EF0F44 /* UIView+Extension.m in Sources */ = {isa = PBXBuildFile; fileRef = 53D7C78C1B5DDFC900EF0F44 /* UIView+Extension.m */; };
		53D7C7AF1B5DDFC900EF0F44 /* FantasyNavigationController.m in Sources */ = {isa = PBXBuildFile; fileRef = 53D7C78F1B5DDFC900EF0F44 /* FantasyNavigationController.m */; };
		53D7C7B01B5DDFC900EF0F44 /* FantasyTabBarViewController.m in Sources */ = {isa = PBXBuildFile; fileRef = 53D7C7911B5DDFC900EF0F44 /* FantasyTabBarViewController.m */; };
		53D7C7B11B5DDFC900EF0F44 /* AppDelegate.m in Sources */ = {isa = PBXBuildFile; fileRef = 53D7C7961B5DDFC900EF0F44 /* AppDelegate.m */; };
		53D7C7B21B5DDFC900EF0F44 /* main.m in Sources */ = {isa = PBXBuildFile; fileRef = 53D7C7971B5DDFC900EF0F44 /* main.m */; };
		53D7C7B31B5DDFC900EF0F44 /* FantasyMessageCenterViewController.m in Sources */ = {isa = PBXBuildFile; fileRef = 53D7C79C1B5DDFC900EF0F44 /* FantasyMessageCenterViewController.m */; };
		53D7C7B41B5DDFC900EF0F44 /* FantasyProfileViewController.m in Sources */ = {isa = PBXBuildFile; fileRef = 53D7C7A21B5DDFC900EF0F44 /* FantasyProfileViewController.m */; };
		53D7C7B51B5DDFC900EF0F44 /* FantasyTest1ViewController.m in Sources */ = {isa = PBXBuildFile; fileRef = 53D7C7A71B5DDFC900EF0F44 /* FantasyTest1ViewController.m */; };
		53D7C7B61B5DDFC900EF0F44 /* FantasyTest1ViewController.xib in Resources */ = {isa = PBXBuildFile; fileRef = 53D7C7A81B5DDFC900EF0F44 /* FantasyTest1ViewController.xib */; };
		53D7C7B71B5DDFC900EF0F44 /* FantasyTestViewController.m in Sources */ = {isa = PBXBuildFile; fileRef = 53D7C7AA1B5DDFC900EF0F44 /* FantasyTestViewController.m */; };
		53D7C7B81B5DDFC900EF0F44 /* FantasyTestViewController.xib in Resources */ = {isa = PBXBuildFile; fileRef = 53D7C7AB1B5DDFC900EF0F44 /* FantasyTestViewController.xib */; };
		53D7C7BB1B5DE5A600EF0F44 /* UIBarButtonItem+Extension.m in Sources */ = {isa = PBXBuildFile; fileRef = 53D7C7BA1B5DE5A600EF0F44 /* UIBarButtonItem+Extension.m */; };
		53D7C7BE1B5E469C00EF0F44 /* FTSearchBar.m in Sources */ = {isa = PBXBuildFile; fileRef = 53D7C7BD1B5E469C00EF0F44 /* FTSearchBar.m */; };
		53DF769A1B69BB6900B3A145 /* FTAccountTool.m in Sources */ = {isa = PBXBuildFile; fileRef = 53DF76991B69BB6900B3A145 /* FTAccountTool.m */; };
		53DF769D1B69C30500B3A145 /* UIWindow+Extension.m in Sources */ = {isa = PBXBuildFile; fileRef = 53DF769C1B69C30500B3A145 /* UIWindow+Extension.m */; };
		53ED52A81B653ABD008D908C /* FTTabBar.m in Sources */ = {isa = PBXBuildFile; fileRef = 53ED52A71B653ABD008D908C /* FTTabBar.m */; };
		53F25FB51B68BBB100ED2E6D /* MBProgressHUD+MJ.m in Sources */ = {isa = PBXBuildFile; fileRef = 53F25FB11B68BBB100ED2E6D /* MBProgressHUD+MJ.m */; };
		53F25FB61B68BBB100ED2E6D /* MBProgressHUD.bundle in Resources */ = {isa = PBXBuildFile; fileRef = 53F25FB21B68BBB100ED2E6D /* MBProgressHUD.bundle */; };
		53F25FB71B68BBB100ED2E6D /* MBProgressHUD.m in Sources */ = {isa = PBXBuildFile; fileRef = 53F25FB41B68BBB100ED2E6D /* MBProgressHUD.m */; };
		53F25FBC1B68BC3200ED2E6D /* FTOAuthViewController.m in Sources */ = {isa = PBXBuildFile; fileRef = 53F25FBA1B68BC3200ED2E6D /* FTOAuthViewController.m */; };
		53F25FBF1B68BCA000ED2E6D /* FTAccount.m in Sources */ = {isa = PBXBuildFile; fileRef = 53F25FBE1B68BCA000ED2E6D /* FTAccount.m */; };
/* End PBXBuildFile section */

/* Begin PBXContainerItemProxy section */
		538911B61B455E4C00719557 /* PBXContainerItemProxy */ = {
			isa = PBXContainerItemProxy;
			containerPortal = 538911941B455E4C00719557 /* Project object */;
			proxyType = 1;
			remoteGlobalIDString = 5389119B1B455E4C00719557;
			remoteInfo = FantasyWeibo;
		};
/* End PBXContainerItemProxy section */

/* Begin PBXFileReference section */
		53124C3C1B61F50E001357A5 /* FTDropdownMenu.h */ = {isa = PBXFileReference; fileEncoding = 4; lastKnownFileType = sourcecode.c.h; path = FTDropdownMenu.h; sourceTree = "<group>"; };
		53124C3D1B61F50E001357A5 /* FTDropdownMenu.m */ = {isa = PBXFileReference; fileEncoding = 4; lastKnownFileType = sourcecode.c.objc; path = FTDropdownMenu.m; sourceTree = "<group>"; };
		53124C3F1B61F696001357A5 /* FTTitleMenuViewController.h */ = {isa = PBXFileReference; fileEncoding = 4; lastKnownFileType = sourcecode.c.h; path = FTTitleMenuViewController.h; sourceTree = "<group>"; };
		53124C401B61F696001357A5 /* FTTitleMenuViewController.m */ = {isa = PBXFileReference; fileEncoding = 4; lastKnownFileType = sourcecode.c.objc; path = FTTitleMenuViewController.m; sourceTree = "<group>"; };
		537CD8D21B662C9D0022BBF5 /* FTNewFeatureViewController.h */ = {isa = PBXFileReference; fileEncoding = 4; lastKnownFileType = sourcecode.c.h; path = FTNewFeatureViewController.h; sourceTree = "<group>"; };
		537CD8D31B662C9D0022BBF5 /* FTNewFeatureViewController.m */ = {isa = PBXFileReference; fileEncoding = 4; lastKnownFileType = sourcecode.c.objc; path = FTNewFeatureViewController.m; sourceTree = "<group>"; };
		537CD8D61B66746B0022BBF5 /* AFHTTPRequestOperation.h */ = {isa = PBXFileReference; fileEncoding = 4; lastKnownFileType = sourcecode.c.h; path = AFHTTPRequestOperation.h; sourceTree = "<group>"; };
		537CD8D71B66746B0022BBF5 /* AFHTTPRequestOperation.m */ = {isa = PBXFileReference; fileEncoding = 4; lastKnownFileType = sourcecode.c.objc; path = AFHTTPRequestOperation.m; sourceTree = "<group>"; };
		537CD8D81B66746B0022BBF5 /* AFHTTPRequestOperationManager.h */ = {isa = PBXFileReference; fileEncoding = 4; lastKnownFileType = sourcecode.c.h; path = AFHTTPRequestOperationManager.h; sourceTree = "<group>"; };
		537CD8D91B66746B0022BBF5 /* AFHTTPRequestOperationManager.m */ = {isa = PBXFileReference; fileEncoding = 4; lastKnownFileType = sourcecode.c.objc; path = AFHTTPRequestOperationManager.m; sourceTree = "<group>"; };
		537CD8DA1B66746B0022BBF5 /* AFHTTPSessionManager.h */ = {isa = PBXFileReference; fileEncoding = 4; lastKnownFileType = sourcecode.c.h; path = AFHTTPSessionManager.h; sourceTree = "<group>"; };
		537CD8DB1B66746B0022BBF5 /* AFHTTPSessionManager.m */ = {isa = PBXFileReference; fileEncoding = 4; lastKnownFileType = sourcecode.c.objc; path = AFHTTPSessionManager.m; sourceTree = "<group>"; };
		537CD8DC1B66746B0022BBF5 /* AFNetworking.h */ = {isa = PBXFileReference; fileEncoding = 4; lastKnownFileType = sourcecode.c.h; path = AFNetworking.h; sourceTree = "<group>"; };
		537CD8DD1B66746B0022BBF5 /* AFNetworkReachabilityManager.h */ = {isa = PBXFileReference; fileEncoding = 4; lastKnownFileType = sourcecode.c.h; path = AFNetworkReachabilityManager.h; sourceTree = "<group>"; };
		537CD8DE1B66746B0022BBF5 /* AFNetworkReachabilityManager.m */ = {isa = PBXFileReference; fileEncoding = 4; lastKnownFileType = sourcecode.c.objc; path = AFNetworkReachabilityManager.m; sourceTree = "<group>"; };
		537CD8DF1B66746B0022BBF5 /* AFSecurityPolicy.h */ = {isa = PBXFileReference; fileEncoding = 4; lastKnownFileType = sourcecode.c.h; path = AFSecurityPolicy.h; sourceTree = "<group>"; };
		537CD8E01B66746B0022BBF5 /* AFSecurityPolicy.m */ = {isa = PBXFileReference; fileEncoding = 4; lastKnownFileType = sourcecode.c.objc; path = AFSecurityPolicy.m; sourceTree = "<group>"; };
		537CD8E11B66746B0022BBF5 /* AFURLConnectionOperation.h */ = {isa = PBXFileReference; fileEncoding = 4; lastKnownFileType = sourcecode.c.h; path = AFURLConnectionOperation.h; sourceTree = "<group>"; };
		537CD8E21B66746B0022BBF5 /* AFURLConnectionOperation.m */ = {isa = PBXFileReference; fileEncoding = 4; lastKnownFileType = sourcecode.c.objc; path = AFURLConnectionOperation.m; sourceTree = "<group>"; };
		537CD8E31B66746B0022BBF5 /* AFURLRequestSerialization.h */ = {isa = PBXFileReference; fileEncoding = 4; lastKnownFileType = sourcecode.c.h; path = AFURLRequestSerialization.h; sourceTree = "<group>"; };
		537CD8E41B66746B0022BBF5 /* AFURLRequestSerialization.m */ = {isa = PBXFileReference; fileEncoding = 4; lastKnownFileType = sourcecode.c.objc; path = AFURLRequestSerialization.m; sourceTree = "<group>"; };
		537CD8E51B66746B0022BBF5 /* AFURLResponseSerialization.h */ = {isa = PBXFileReference; fileEncoding = 4; lastKnownFileType = sourcecode.c.h; path = AFURLResponseSerialization.h; sourceTree = "<group>"; };
		537CD8E61B66746B0022BBF5 /* AFURLResponseSerialization.m */ = {isa = PBXFileReference; fileEncoding = 4; lastKnownFileType = sourcecode.c.objc; path = AFURLResponseSerialization.m; sourceTree = "<group>"; };
		537CD8E71B66746B0022BBF5 /* AFURLSessionManager.h */ = {isa = PBXFileReference; fileEncoding = 4; lastKnownFileType = sourcecode.c.h; path = AFURLSessionManager.h; sourceTree = "<group>"; };
		537CD8E81B66746B0022BBF5 /* AFURLSessionManager.m */ = {isa = PBXFileReference; fileEncoding = 4; lastKnownFileType = sourcecode.c.objc; path = AFURLSessionManager.m; sourceTree = "<group>"; };
		5389119C1B455E4C00719557 /* FantasyWeibo.app */ = {isa = PBXFileReference; explicitFileType = wrapper.application; includeInIndex = 0; path = FantasyWeibo.app; sourceTree = BUILT_PRODUCTS_DIR; };
		538911A01B455E4C00719557 /* Info.plist */ = {isa = PBXFileReference; lastKnownFileType = text.plist.xml; path = Info.plist; sourceTree = "<group>"; };
		538911AC1B455E4C00719557 /* Images.xcassets */ = {isa = PBXFileReference; lastKnownFileType = folder.assetcatalog; path = Images.xcassets; sourceTree = "<group>"; };
		538911AF1B455E4C00719557 /* Base */ = {isa = PBXFileReference; lastKnownFileType = file.xib; name = Base; path = Base.lproj/LaunchScreen.xib; sourceTree = "<group>"; };
		538911B51B455E4C00719557 /* FantasyWeiboTests.xctest */ = {isa = PBXFileReference; explicitFileType = wrapper.cfbundle; includeInIndex = 0; path = FantasyWeiboTests.xctest; sourceTree = BUILT_PRODUCTS_DIR; };
		538911BA1B455E4C00719557 /* Info.plist */ = {isa = PBXFileReference; lastKnownFileType = text.plist.xml; path = Info.plist; sourceTree = "<group>"; };
		538911BB1B455E4C00719557 /* FantasyWeiboTests.m */ = {isa = PBXFileReference; lastKnownFileType = sourcecode.c.objc; path = FantasyWeiboTests.m; sourceTree = "<group>"; };
		53A0DAE51B71A19F0085F65A /* MKAnnotationView+WebCache.h */ = {isa = PBXFileReference; fileEncoding = 4; lastKnownFileType = sourcecode.c.h; path = "MKAnnotationView+WebCache.h"; sourceTree = "<group>"; };
		53A0DAE61B71A19F0085F65A /* MKAnnotationView+WebCache.m */ = {isa = PBXFileReference; fileEncoding = 4; lastKnownFileType = sourcecode.c.objc; path = "MKAnnotationView+WebCache.m"; sourceTree = "<group>"; };
		53A0DAE71B71A19F0085F65A /* NSData+ImageContentType.h */ = {isa = PBXFileReference; fileEncoding = 4; lastKnownFileType = sourcecode.c.h; path = "NSData+ImageContentType.h"; sourceTree = "<group>"; };
		53A0DAE81B71A19F0085F65A /* NSData+ImageContentType.m */ = {isa = PBXFileReference; fileEncoding = 4; lastKnownFileType = sourcecode.c.objc; path = "NSData+ImageContentType.m"; sourceTree = "<group>"; };
		53A0DAE91B71A19F0085F65A /* SDImageCache.h */ = {isa = PBXFileReference; fileEncoding = 4; lastKnownFileType = sourcecode.c.h; path = SDImageCache.h; sourceTree = "<group>"; };
		53A0DAEA1B71A19F0085F65A /* SDImageCache.m */ = {isa = PBXFileReference; fileEncoding = 4; lastKnownFileType = sourcecode.c.objc; path = SDImageCache.m; sourceTree = "<group>"; };
		53A0DAEB1B71A19F0085F65A /* SDWebImageCompat.h */ = {isa = PBXFileReference; fileEncoding = 4; lastKnownFileType = sourcecode.c.h; path = SDWebImageCompat.h; sourceTree = "<group>"; };
		53A0DAEC1B71A19F0085F65A /* SDWebImageCompat.m */ = {isa = PBXFileReference; fileEncoding = 4; lastKnownFileType = sourcecode.c.objc; path = SDWebImageCompat.m; sourceTree = "<group>"; };
		53A0DAED1B71A19F0085F65A /* SDWebImageDecoder.h */ = {isa = PBXFileReference; fileEncoding = 4; lastKnownFileType = sourcecode.c.h; path = SDWebImageDecoder.h; sourceTree = "<group>"; };
		53A0DAEE1B71A19F0085F65A /* SDWebImageDecoder.m */ = {isa = PBXFileReference; fileEncoding = 4; lastKnownFileType = sourcecode.c.objc; path = SDWebImageDecoder.m; sourceTree = "<group>"; };
		53A0DAEF1B71A19F0085F65A /* SDWebImageDownloader.h */ = {isa = PBXFileReference; fileEncoding = 4; lastKnownFileType = sourcecode.c.h; path = SDWebImageDownloader.h; sourceTree = "<group>"; };
		53A0DAF01B71A19F0085F65A /* SDWebImageDownloader.m */ = {isa = PBXFileReference; fileEncoding = 4; lastKnownFileType = sourcecode.c.objc; path = SDWebImageDownloader.m; sourceTree = "<group>"; };
		53A0DAF11B71A19F0085F65A /* SDWebImageDownloaderOperation.h */ = {isa = PBXFileReference; fileEncoding = 4; lastKnownFileType = sourcecode.c.h; path = SDWebImageDownloaderOperation.h; sourceTree = "<group>"; };
		53A0DAF21B71A19F0085F65A /* SDWebImageDownloaderOperation.m */ = {isa = PBXFileReference; fileEncoding = 4; lastKnownFileType = sourcecode.c.objc; path = SDWebImageDownloaderOperation.m; sourceTree = "<group>"; };
		53A0DAF31B71A19F0085F65A /* SDWebImageManager.h */ = {isa = PBXFileReference; fileEncoding = 4; lastKnownFileType = sourcecode.c.h; path = SDWebImageManager.h; sourceTree = "<group>"; };
		53A0DAF41B71A19F0085F65A /* SDWebImageManager.m */ = {isa = PBXFileReference; fileEncoding = 4; lastKnownFileType = sourcecode.c.objc; path = SDWebImageManager.m; sourceTree = "<group>"; };
		53A0DAF51B71A19F0085F65A /* SDWebImageOperation.h */ = {isa = PBXFileReference; fileEncoding = 4; lastKnownFileType = sourcecode.c.h; path = SDWebImageOperation.h; sourceTree = "<group>"; };
		53A0DAF61B71A19F0085F65A /* SDWebImagePrefetcher.h */ = {isa = PBXFileReference; fileEncoding = 4; lastKnownFileType = sourcecode.c.h; path = SDWebImagePrefetcher.h; sourceTree = "<group>"; };
		53A0DAF71B71A19F0085F65A /* SDWebImagePrefetcher.m */ = {isa = PBXFileReference; fileEncoding = 4; lastKnownFileType = sourcecode.c.objc; path = SDWebImagePrefetcher.m; sourceTree = "<group>"; };
		53A0DAF81B71A19F0085F65A /* UIButton+WebCache.h */ = {isa = PBXFileReference; fileEncoding = 4; lastKnownFileType = sourcecode.c.h; path = "UIButton+WebCache.h"; sourceTree = "<group>"; };
		53A0DAF91B71A19F0085F65A /* UIButton+WebCache.m */ = {isa = PBXFileReference; fileEncoding = 4; lastKnownFileType = sourcecode.c.objc; path = "UIButton+WebCache.m"; sourceTree = "<group>"; };
		53A0DAFA1B71A19F0085F65A /* UIImage+GIF.h */ = {isa = PBXFileReference; fileEncoding = 4; lastKnownFileType = sourcecode.c.h; path = "UIImage+GIF.h"; sourceTree = "<group>"; };
		53A0DAFB1B71A19F0085F65A /* UIImage+GIF.m */ = {isa = PBXFileReference; fileEncoding = 4; lastKnownFileType = sourcecode.c.objc; path = "UIImage+GIF.m"; sourceTree = "<group>"; };
		53A0DAFC1B71A19F0085F65A /* UIImage+MultiFormat.h */ = {isa = PBXFileReference; fileEncoding = 4; lastKnownFileType = sourcecode.c.h; path = "UIImage+MultiFormat.h"; sourceTree = "<group>"; };
		53A0DAFD1B71A19F0085F65A /* UIImage+MultiFormat.m */ = {isa = PBXFileReference; fileEncoding = 4; lastKnownFileType = sourcecode.c.objc; path = "UIImage+MultiFormat.m"; sourceTree = "<group>"; };
		53A0DAFE1B71A19F0085F65A /* UIImage+WebP.h */ = {isa = PBXFileReference; fileEncoding = 4; lastKnownFileType = sourcecode.c.h; path = "UIImage+WebP.h"; sourceTree = "<group>"; };
		53A0DAFF1B71A19F0085F65A /* UIImage+WebP.m */ = {isa = PBXFileReference; fileEncoding = 4; lastKnownFileType = sourcecode.c.objc; path = "UIImage+WebP.m"; sourceTree = "<group>"; };
		53A0DB001B71A19F0085F65A /* UIImageView+HighlightedWebCache.h */ = {isa = PBXFileReference; fileEncoding = 4; lastKnownFileType = sourcecode.c.h; path = "UIImageView+HighlightedWebCache.h"; sourceTree = "<group>"; };
		53A0DB011B71A19F0085F65A /* UIImageView+HighlightedWebCache.m */ = {isa = PBXFileReference; fileEncoding = 4; lastKnownFileType = sourcecode.c.objc; path = "UIImageView+HighlightedWebCache.m"; sourceTree = "<group>"; };
		53A0DB021B71A19F0085F65A /* UIImageView+WebCache.h */ = {isa = PBXFileReference; fileEncoding = 4; lastKnownFileType = sourcecode.c.h; path = "UIImageView+WebCache.h"; sourceTree = "<group>"; };
		53A0DB031B71A19F0085F65A /* UIImageView+WebCache.m */ = {isa = PBXFileReference; fileEncoding = 4; lastKnownFileType = sourcecode.c.objc; path = "UIImageView+WebCache.m"; sourceTree = "<group>"; };
		53A0DB041B71A19F0085F65A /* UIView+WebCacheOperation.h */ = {isa = PBXFileReference; fileEncoding = 4; lastKnownFileType = sourcecode.c.h; path = "UIView+WebCacheOperation.h"; sourceTree = "<group>"; };
		53A0DB051B71A19F0085F65A /* UIView+WebCacheOperation.m */ = {isa = PBXFileReference; fileEncoding = 4; lastKnownFileType = sourcecode.c.objc; path = "UIView+WebCacheOperation.m"; sourceTree = "<group>"; };
		53A0DB171B71A1AF0085F65A /* MJArgument.h */ = {isa = PBXFileReference; fileEncoding = 4; lastKnownFileType = sourcecode.c.h; path = MJArgument.h; sourceTree = "<group>"; };
		53A0DB181B71A1AF0085F65A /* MJArgument.m */ = {isa = PBXFileReference; fileEncoding = 4; lastKnownFileType = sourcecode.c.objc; path = MJArgument.m; sourceTree = "<group>"; };
		53A0DB191B71A1AF0085F65A /* MJConst.h */ = {isa = PBXFileReference; fileEncoding = 4; lastKnownFileType = sourcecode.c.h; path = MJConst.h; sourceTree = "<group>"; };
		53A0DB1A1B71A1AF0085F65A /* MJConst.m */ = {isa = PBXFileReference; fileEncoding = 4; lastKnownFileType = sourcecode.c.objc; path = MJConst.m; sourceTree = "<group>"; };
		53A0DB1B1B71A1AF0085F65A /* MJExtension.h */ = {isa = PBXFileReference; fileEncoding = 4; lastKnownFileType = sourcecode.c.h; path = MJExtension.h; sourceTree = "<group>"; };
		53A0DB1C1B71A1AF0085F65A /* MJFoundation.h */ = {isa = PBXFileReference; fileEncoding = 4; lastKnownFileType = sourcecode.c.h; path = MJFoundation.h; sourceTree = "<group>"; };
		53A0DB1D1B71A1AF0085F65A /* MJFoundation.m */ = {isa = PBXFileReference; fileEncoding = 4; lastKnownFileType = sourcecode.c.objc; path = MJFoundation.m; sourceTree = "<group>"; };
		53A0DB1E1B71A1AF0085F65A /* MJIvar.h */ = {isa = PBXFileReference; fileEncoding = 4; lastKnownFileType = sourcecode.c.h; path = MJIvar.h; sourceTree = "<group>"; };
		53A0DB1F1B71A1AF0085F65A /* MJIvar.m */ = {isa = PBXFileReference; fileEncoding = 4; lastKnownFileType = sourcecode.c.objc; path = MJIvar.m; sourceTree = "<group>"; };
		53A0DB201B71A1AF0085F65A /* MJMember.h */ = {isa = PBXFileReference; fileEncoding = 4; lastKnownFileType = sourcecode.c.h; path = MJMember.h; sourceTree = "<group>"; };
		53A0DB211B71A1AF0085F65A /* MJMember.m */ = {isa = PBXFileReference; fileEncoding = 4; lastKnownFileType = sourcecode.c.objc; path = MJMember.m; sourceTree = "<group>"; };
		53A0DB221B71A1AF0085F65A /* MJMethod.h */ = {isa = PBXFileReference; fileEncoding = 4; lastKnownFileType = sourcecode.c.h; path = MJMethod.h; sourceTree = "<group>"; };
		53A0DB231B71A1AF0085F65A /* MJMethod.m */ = {isa = PBXFileReference; fileEncoding = 4; lastKnownFileType = sourcecode.c.objc; path = MJMethod.m; sourceTree = "<group>"; };
		53A0DB241B71A1AF0085F65A /* MJType.h */ = {isa = PBXFileReference; fileEncoding = 4; lastKnownFileType = sourcecode.c.h; path = MJType.h; sourceTree = "<group>"; };
		53A0DB251B71A1AF0085F65A /* MJType.m */ = {isa = PBXFileReference; fileEncoding = 4; lastKnownFileType = sourcecode.c.objc; path = MJType.m; sourceTree = "<group>"; };
		53A0DB261B71A1AF0085F65A /* MJTypeEncoding.h */ = {isa = PBXFileReference; fileEncoding = 4; lastKnownFileType = sourcecode.c.h; path = MJTypeEncoding.h; sourceTree = "<group>"; };
		53A0DB271B71A1AF0085F65A /* MJTypeEncoding.m */ = {isa = PBXFileReference; fileEncoding = 4; lastKnownFileType = sourcecode.c.objc; path = MJTypeEncoding.m; sourceTree = "<group>"; };
		53A0DB281B71A1AF0085F65A /* NSObject+MJCoding.h */ = {isa = PBXFileReference; fileEncoding = 4; lastKnownFileType = sourcecode.c.h; path = "NSObject+MJCoding.h"; sourceTree = "<group>"; };
		53A0DB291B71A1AF0085F65A /* NSObject+MJCoding.m */ = {isa = PBXFileReference; fileEncoding = 4; lastKnownFileType = sourcecode.c.objc; path = "NSObject+MJCoding.m"; sourceTree = "<group>"; };
		53A0DB2A1B71A1AF0085F65A /* NSObject+MJKeyValue.h */ = {isa = PBXFileReference; fileEncoding = 4; lastKnownFileType = sourcecode.c.h; path = "NSObject+MJKeyValue.h"; sourceTree = "<group>"; };
		53A0DB2B1B71A1AF0085F65A /* NSObject+MJKeyValue.m */ = {isa = PBXFileReference; fileEncoding = 4; lastKnownFileType = sourcecode.c.objc; path = "NSObject+MJKeyValue.m"; sourceTree = "<group>"; };
		53A0DB2C1B71A1AF0085F65A /* NSObject+MJMember.h */ = {isa = PBXFileReference; fileEncoding = 4; lastKnownFileType = sourcecode.c.h; path = "NSObject+MJMember.h"; sourceTree = "<group>"; };
		53A0DB2D1B71A1AF0085F65A /* NSObject+MJMember.m */ = {isa = PBXFileReference; fileEncoding = 4; lastKnownFileType = sourcecode.c.objc; path = "NSObject+MJMember.m"; sourceTree = "<group>"; };
		53A0DB391B71A1FF0085F65A /* Foundation+Log.m */ = {isa = PBXFileReference; fileEncoding = 4; lastKnownFileType = sourcecode.c.objc; name = "Foundation+Log.m"; path = "../../../../../../../../../../Volumes/软件/iOS/day33/1014/代码/黑马微博2期24-显示最新微博数/黑马微博2期/Classes/Main(主要)/Category/Foundation+Log.m"; sourceTree = "<group>"; };
		53A0DB3B1B71A6930085F65A /* FTUser.h */ = {isa = PBXFileReference; fileEncoding = 4; lastKnownFileType = sourcecode.c.h; path = FTUser.h; sourceTree = "<group>"; };
		53A0DB3C1B71A6930085F65A /* FTUser.m */ = {isa = PBXFileReference; fileEncoding = 4; lastKnownFileType = sourcecode.c.objc; path = FTUser.m; sourceTree = "<group>"; };
		53A0DB3E1B71A6DE0085F65A /* FTStatus.h */ = {isa = PBXFileReference; fileEncoding = 4; lastKnownFileType = sourcecode.c.h; path = FTStatus.h; sourceTree = "<group>"; };
		53A0DB3F1B71A6DE0085F65A /* FTStatus.m */ = {isa = PBXFileReference; fileEncoding = 4; lastKnownFileType = sourcecode.c.objc; path = FTStatus.m; sourceTree = "<group>"; };
		53A0DB441B71A9960085F65A /* FTTitleButton.h */ = {isa = PBXFileReference; fileEncoding = 4; lastKnownFileType = sourcecode.c.h; path = FTTitleButton.h; sourceTree = "<group>"; };
		53A0DB451B71A9960085F65A /* FTTitleButton.m */ = {isa = PBXFileReference; fileEncoding = 4; lastKnownFileType = sourcecode.c.objc; path = FTTitleButton.m; sourceTree = "<group>"; };
		53A0DB511B71CFCD0085F65A /* FTLoadMoreFooter.h */ = {isa = PBXFileReference; fileEncoding = 4; lastKnownFileType = sourcecode.c.h; path = FTLoadMoreFooter.h; sourceTree = "<group>"; };
		53A0DB521B71CFCD0085F65A /* FTLoadMoreFooter.m */ = {isa = PBXFileReference; fileEncoding = 4; lastKnownFileType = sourcecode.c.objc; path = FTLoadMoreFooter.m; sourceTree = "<group>"; };
		53A0DB541B71CFDA0085F65A /* FTLoadMoreFooter.xib */ = {isa = PBXFileReference; fileEncoding = 4; lastKnownFileType = file.xib; path = FTLoadMoreFooter.xib; sourceTree = "<group>"; };
		53A0DB5B1B7201A40085F65A /* FTStatusCell.h */ = {isa = PBXFileReference; fileEncoding = 4; lastKnownFileType = sourcecode.c.h; path = FTStatusCell.h; sourceTree = "<group>"; };
		53A0DB5C1B7201A40085F65A /* FTStatusCell.m */ = {isa = PBXFileReference; fileEncoding = 4; lastKnownFileType = sourcecode.c.objc; path = FTStatusCell.m; sourceTree = "<group>"; };
		53A0DB5E1B72059B0085F65A /* FTStatusFrame.h */ = {isa = PBXFileReference; fileEncoding = 4; lastKnownFileType = sourcecode.c.h; path = FTStatusFrame.h; sourceTree = "<group>"; };
		53A0DB5F1B72059B0085F65A /* FTStatusFrame.m */ = {isa = PBXFileReference; fileEncoding = 4; lastKnownFileType = sourcecode.c.objc; path = FTStatusFrame.m; sourceTree = "<group>"; };
		53D7C77F1B5DDFC900EF0F44 /* FantasyDiscoverViewController.h */ = {isa = PBXFileReference; fileEncoding = 4; lastKnownFileType = sourcecode.c.h; path = FantasyDiscoverViewController.h; sourceTree = "<group>"; };
		53D7C7801B5DDFC900EF0F44 /* FantasyDiscoverViewController.m */ = {isa = PBXFileReference; fileEncoding = 4; lastKnownFileType = sourcecode.c.objc; path = FantasyDiscoverViewController.m; sourceTree = "<group>"; };
		53D7C7851B5DDFC900EF0F44 /* FantasyHomeViewController.h */ = {isa = PBXFileReference; fileEncoding = 4; lastKnownFileType = sourcecode.c.h; path = FantasyHomeViewController.h; sourceTree = "<group>"; };
		53D7C7861B5DDFC900EF0F44 /* FantasyHomeViewController.m */ = {isa = PBXFileReference; fileEncoding = 4; lastKnownFileType = sourcecode.c.objc; path = FantasyHomeViewController.m; sourceTree = "<group>"; };
		53D7C78B1B5DDFC900EF0F44 /* UIView+Extension.h */ = {isa = PBXFileReference; fileEncoding = 4; lastKnownFileType = sourcecode.c.h; path = "UIView+Extension.h"; sourceTree = "<group>"; };
		53D7C78C1B5DDFC900EF0F44 /* UIView+Extension.m */ = {isa = PBXFileReference; fileEncoding = 4; lastKnownFileType = sourcecode.c.objc; path = "UIView+Extension.m"; sourceTree = "<group>"; };
		53D7C78E1B5DDFC900EF0F44 /* FantasyNavigationController.h */ = {isa = PBXFileReference; fileEncoding = 4; lastKnownFileType = sourcecode.c.h; path = FantasyNavigationController.h; sourceTree = "<group>"; };
		53D7C78F1B5DDFC900EF0F44 /* FantasyNavigationController.m */ = {isa = PBXFileReference; fileEncoding = 4; lastKnownFileType = sourcecode.c.objc; path = FantasyNavigationController.m; sourceTree = "<group>"; };
		53D7C7901B5DDFC900EF0F44 /* FantasyTabBarViewController.h */ = {isa = PBXFileReference; fileEncoding = 4; lastKnownFileType = sourcecode.c.h; path = FantasyTabBarViewController.h; sourceTree = "<group>"; };
		53D7C7911B5DDFC900EF0F44 /* FantasyTabBarViewController.m */ = {isa = PBXFileReference; fileEncoding = 4; lastKnownFileType = sourcecode.c.objc; path = FantasyTabBarViewController.m; sourceTree = "<group>"; };
		53D7C7951B5DDFC900EF0F44 /* AppDelegate.h */ = {isa = PBXFileReference; fileEncoding = 4; lastKnownFileType = sourcecode.c.h; path = AppDelegate.h; sourceTree = "<group>"; };
		53D7C7961B5DDFC900EF0F44 /* AppDelegate.m */ = {isa = PBXFileReference; fileEncoding = 4; lastKnownFileType = sourcecode.c.objc; path = AppDelegate.m; sourceTree = "<group>"; };
		53D7C7971B5DDFC900EF0F44 /* main.m */ = {isa = PBXFileReference; fileEncoding = 4; lastKnownFileType = sourcecode.c.objc; path = main.m; sourceTree = "<group>"; };
		53D7C79B1B5DDFC900EF0F44 /* FantasyMessageCenterViewController.h */ = {isa = PBXFileReference; fileEncoding = 4; lastKnownFileType = sourcecode.c.h; path = FantasyMessageCenterViewController.h; sourceTree = "<group>"; };
		53D7C79C1B5DDFC900EF0F44 /* FantasyMessageCenterViewController.m */ = {isa = PBXFileReference; fileEncoding = 4; lastKnownFileType = sourcecode.c.objc; path = FantasyMessageCenterViewController.m; sourceTree = "<group>"; };
		53D7C7A11B5DDFC900EF0F44 /* FantasyProfileViewController.h */ = {isa = PBXFileReference; fileEncoding = 4; lastKnownFileType = sourcecode.c.h; path = FantasyProfileViewController.h; sourceTree = "<group>"; };
		53D7C7A21B5DDFC900EF0F44 /* FantasyProfileViewController.m */ = {isa = PBXFileReference; fileEncoding = 4; lastKnownFileType = sourcecode.c.objc; path = FantasyProfileViewController.m; sourceTree = "<group>"; };
		53D7C7A61B5DDFC900EF0F44 /* FantasyTest1ViewController.h */ = {isa = PBXFileReference; fileEncoding = 4; lastKnownFileType = sourcecode.c.h; path = FantasyTest1ViewController.h; sourceTree = "<group>"; };
		53D7C7A71B5DDFC900EF0F44 /* FantasyTest1ViewController.m */ = {isa = PBXFileReference; fileEncoding = 4; lastKnownFileType = sourcecode.c.objc; path = FantasyTest1ViewController.m; sourceTree = "<group>"; };
		53D7C7A81B5DDFC900EF0F44 /* FantasyTest1ViewController.xib */ = {isa = PBXFileReference; fileEncoding = 4; lastKnownFileType = file.xib; path = FantasyTest1ViewController.xib; sourceTree = "<group>"; };
		53D7C7A91B5DDFC900EF0F44 /* FantasyTestViewController.h */ = {isa = PBXFileReference; fileEncoding = 4; lastKnownFileType = sourcecode.c.h; path = FantasyTestViewController.h; sourceTree = "<group>"; };
		53D7C7AA1B5DDFC900EF0F44 /* FantasyTestViewController.m */ = {isa = PBXFileReference; fileEncoding = 4; lastKnownFileType = sourcecode.c.objc; path = FantasyTestViewController.m; sourceTree = "<group>"; };
		53D7C7AB1B5DDFC900EF0F44 /* FantasyTestViewController.xib */ = {isa = PBXFileReference; fileEncoding = 4; lastKnownFileType = file.xib; path = FantasyTestViewController.xib; sourceTree = "<group>"; };
		53D7C7B91B5DE5A600EF0F44 /* UIBarButtonItem+Extension.h */ = {isa = PBXFileReference; fileEncoding = 4; lastKnownFileType = sourcecode.c.h; path = "UIBarButtonItem+Extension.h"; sourceTree = "<group>"; };
		53D7C7BA1B5DE5A600EF0F44 /* UIBarButtonItem+Extension.m */ = {isa = PBXFileReference; fileEncoding = 4; lastKnownFileType = sourcecode.c.objc; path = "UIBarButtonItem+Extension.m"; sourceTree = "<group>"; };
		53D7C7BC1B5E469C00EF0F44 /* FTSearchBar.h */ = {isa = PBXFileReference; fileEncoding = 4; lastKnownFileType = sourcecode.c.h; path = FTSearchBar.h; sourceTree = "<group>"; };
		53D7C7BD1B5E469C00EF0F44 /* FTSearchBar.m */ = {isa = PBXFileReference; fileEncoding = 4; lastKnownFileType = sourcecode.c.objc; path = FTSearchBar.m; sourceTree = "<group>"; };
		53DF76981B69BB6900B3A145 /* FTAccountTool.h */ = {isa = PBXFileReference; fileEncoding = 4; lastKnownFileType = sourcecode.c.h; path = FTAccountTool.h; sourceTree = "<group>"; };
		53DF76991B69BB6900B3A145 /* FTAccountTool.m */ = {isa = PBXFileReference; fileEncoding = 4; lastKnownFileType = sourcecode.c.objc; path = FTAccountTool.m; sourceTree = "<group>"; };
		53DF769B1B69C30500B3A145 /* UIWindow+Extension.h */ = {isa = PBXFileReference; fileEncoding = 4; lastKnownFileType = sourcecode.c.h; path = "UIWindow+Extension.h"; sourceTree = "<group>"; };
		53DF769C1B69C30500B3A145 /* UIWindow+Extension.m */ = {isa = PBXFileReference; fileEncoding = 4; lastKnownFileType = sourcecode.c.objc; path = "UIWindow+Extension.m"; sourceTree = "<group>"; };
		53ED52A61B653ABD008D908C /* FTTabBar.h */ = {isa = PBXFileReference; fileEncoding = 4; lastKnownFileType = sourcecode.c.h; path = FTTabBar.h; sourceTree = "<group>"; };
		53ED52A71B653ABD008D908C /* FTTabBar.m */ = {isa = PBXFileReference; fileEncoding = 4; lastKnownFileType = sourcecode.c.objc; path = FTTabBar.m; sourceTree = "<group>"; };
		53F25FB01B68BBB100ED2E6D /* MBProgressHUD+MJ.h */ = {isa = PBXFileReference; fileEncoding = 4; lastKnownFileType = sourcecode.c.h; path = "MBProgressHUD+MJ.h"; sourceTree = "<group>"; };
		53F25FB11B68BBB100ED2E6D /* MBProgressHUD+MJ.m */ = {isa = PBXFileReference; fileEncoding = 4; lastKnownFileType = sourcecode.c.objc; path = "MBProgressHUD+MJ.m"; sourceTree = "<group>"; };
		53F25FB21B68BBB100ED2E6D /* MBProgressHUD.bundle */ = {isa = PBXFileReference; lastKnownFileType = "wrapper.plug-in"; path = MBProgressHUD.bundle; sourceTree = "<group>"; };
		53F25FB31B68BBB100ED2E6D /* MBProgressHUD.h */ = {isa = PBXFileReference; fileEncoding = 4; lastKnownFileType = sourcecode.c.h; path = MBProgressHUD.h; sourceTree = "<group>"; };
		53F25FB41B68BBB100ED2E6D /* MBProgressHUD.m */ = {isa = PBXFileReference; fileEncoding = 4; lastKnownFileType = sourcecode.c.objc; path = MBProgressHUD.m; sourceTree = "<group>"; };
		53F25FB91B68BC3200ED2E6D /* FTOAuthViewController.h */ = {isa = PBXFileReference; fileEncoding = 4; lastKnownFileType = sourcecode.c.h; path = FTOAuthViewController.h; sourceTree = "<group>"; };
		53F25FBA1B68BC3200ED2E6D /* FTOAuthViewController.m */ = {isa = PBXFileReference; fileEncoding = 4; lastKnownFileType = sourcecode.c.objc; path = FTOAuthViewController.m; sourceTree = "<group>"; };
		53F25FBD1B68BCA000ED2E6D /* FTAccount.h */ = {isa = PBXFileReference; fileEncoding = 4; lastKnownFileType = sourcecode.c.h; path = FTAccount.h; sourceTree = "<group>"; };
		53F25FBE1B68BCA000ED2E6D /* FTAccount.m */ = {isa = PBXFileReference; fileEncoding = 4; lastKnownFileType = sourcecode.c.objc; path = FTAccount.m; sourceTree = "<group>"; };
/* End PBXFileReference section */

/* Begin PBXFrameworksBuildPhase section */
		538911991B455E4C00719557 /* Frameworks */ = {
			isa = PBXFrameworksBuildPhase;
			buildActionMask = 2147483647;
			files = (
			);
			runOnlyForDeploymentPostprocessing = 0;
		};
		538911B21B455E4C00719557 /* Frameworks */ = {
			isa = PBXFrameworksBuildPhase;
			buildActionMask = 2147483647;
			files = (
			);
			runOnlyForDeploymentPostprocessing = 0;
		};
/* End PBXFrameworksBuildPhase section */

/* Begin PBXGroup section */
		537CD8D01B65C7380022BBF5 /* Newfeature(新特性) */ = {
			isa = PBXGroup;
			children = (
				537CD8D11B65C7380022BBF5 /* Controller */,
			);
			path = "Newfeature(新特性)";
			sourceTree = "<group>";
		};
		537CD8D11B65C7380022BBF5 /* Controller */ = {
			isa = PBXGroup;
			children = (
				537CD8D21B662C9D0022BBF5 /* FTNewFeatureViewController.h */,
				537CD8D31B662C9D0022BBF5 /* FTNewFeatureViewController.m */,
			);
			path = Controller;
			sourceTree = "<group>";
		};
		537CD8D51B66746B0022BBF5 /* AFNetworking */ = {
			isa = PBXGroup;
			children = (
				537CD8D61B66746B0022BBF5 /* AFHTTPRequestOperation.h */,
				537CD8D71B66746B0022BBF5 /* AFHTTPRequestOperation.m */,
				537CD8D81B66746B0022BBF5 /* AFHTTPRequestOperationManager.h */,
				537CD8D91B66746B0022BBF5 /* AFHTTPRequestOperationManager.m */,
				537CD8DA1B66746B0022BBF5 /* AFHTTPSessionManager.h */,
				537CD8DB1B66746B0022BBF5 /* AFHTTPSessionManager.m */,
				537CD8DC1B66746B0022BBF5 /* AFNetworking.h */,
				537CD8DD1B66746B0022BBF5 /* AFNetworkReachabilityManager.h */,
				537CD8DE1B66746B0022BBF5 /* AFNetworkReachabilityManager.m */,
				537CD8DF1B66746B0022BBF5 /* AFSecurityPolicy.h */,
				537CD8E01B66746B0022BBF5 /* AFSecurityPolicy.m */,
				537CD8E11B66746B0022BBF5 /* AFURLConnectionOperation.h */,
				537CD8E21B66746B0022BBF5 /* AFURLConnectionOperation.m */,
				537CD8E31B66746B0022BBF5 /* AFURLRequestSerialization.h */,
				537CD8E41B66746B0022BBF5 /* AFURLRequestSerialization.m */,
				537CD8E51B66746B0022BBF5 /* AFURLResponseSerialization.h */,
				537CD8E61B66746B0022BBF5 /* AFURLResponseSerialization.m */,
				537CD8E71B66746B0022BBF5 /* AFURLSessionManager.h */,
				537CD8E81B66746B0022BBF5 /* AFURLSessionManager.m */,
			);
			path = AFNetworking;
			sourceTree = "<group>";
		};
		537CD8F21B6674D10022BBF5 /* OAuth(授权) */ = {
			isa = PBXGroup;
			children = (
				53DF76971B69BB4800B3A145 /* Tool */,
				53F25FBB1B68BC3200ED2E6D /* Model */,
				53F25FB81B68BC3200ED2E6D /* Control */,
			);
			path = "OAuth(授权)";
			sourceTree = "<group>";
		};
		538911931B455E4C00719557 = {
			isa = PBXGroup;
			children = (
				5389119E1B455E4C00719557 /* FantasyWeibo */,
				538911B81B455E4C00719557 /* FantasyWeiboTests */,
				5389119D1B455E4C00719557 /* Products */,
			);
			sourceTree = "<group>";
		};
		5389119D1B455E4C00719557 /* Products */ = {
			isa = PBXGroup;
			children = (
				5389119C1B455E4C00719557 /* FantasyWeibo.app */,
				538911B51B455E4C00719557 /* FantasyWeiboTests.xctest */,
			);
			name = Products;
			sourceTree = "<group>";
		};
		5389119E1B455E4C00719557 /* FantasyWeibo */ = {
			isa = PBXGroup;
			children = (
				538911C51B455F1A00719557 /* Classes */,
				5389119F1B455E4C00719557 /* Supporting Files */,
			);
			path = FantasyWeibo;
			sourceTree = "<group>";
		};
		5389119F1B455E4C00719557 /* Supporting Files */ = {
			isa = PBXGroup;
			children = (
				538911AC1B455E4C00719557 /* Images.xcassets */,
				538911AE1B455E4C00719557 /* LaunchScreen.xib */,
				538911A01B455E4C00719557 /* Info.plist */,
			);
			name = "Supporting Files";
			sourceTree = "<group>";
		};
		538911B81B455E4C00719557 /* FantasyWeiboTests */ = {
			isa = PBXGroup;
			children = (
				538911BB1B455E4C00719557 /* FantasyWeiboTests.m */,
				538911B91B455E4C00719557 /* Supporting Files */,
			);
			path = FantasyWeiboTests;
			sourceTree = "<group>";
		};
		538911B91B455E4C00719557 /* Supporting Files */ = {
			isa = PBXGroup;
			children = (
				538911BA1B455E4C00719557 /* Info.plist */,
			);
			name = "Supporting Files";
			sourceTree = "<group>";
		};
		538911C51B455F1A00719557 /* Classes */ = {
			isa = PBXGroup;
			children = (
				537CD8F21B6674D10022BBF5 /* OAuth(授权) */,
				537CD8D01B65C7380022BBF5 /* Newfeature(新特性) */,
				53D7C77D1B5DDFC900EF0F44 /* Discover(发现） */,
				53D7C7831B5DDFC900EF0F44 /* Home(首页) */,
				53D7C7891B5DDFC900EF0F44 /* Main */,
				53D7C7991B5DDFC900EF0F44 /* MessegeCenter(消息) */,
				53D7C79F1B5DDFC900EF0F44 /* Profile(我) */,
				53D7C7A51B5DDFC900EF0F44 /* Temp(临时) */,
			);
			path = Classes;
			sourceTree = "<group>";
		};
		53A0DAE41B71A19F0085F65A /* SDWebImage */ = {
			isa = PBXGroup;
			children = (
				53A0DAE51B71A19F0085F65A /* MKAnnotationView+WebCache.h */,
				53A0DAE61B71A19F0085F65A /* MKAnnotationView+WebCache.m */,
				53A0DAE71B71A19F0085F65A /* NSData+ImageContentType.h */,
				53A0DAE81B71A19F0085F65A /* NSData+ImageContentType.m */,
				53A0DAE91B71A19F0085F65A /* SDImageCache.h */,
				53A0DAEA1B71A19F0085F65A /* SDImageCache.m */,
				53A0DAEB1B71A19F0085F65A /* SDWebImageCompat.h */,
				53A0DAEC1B71A19F0085F65A /* SDWebImageCompat.m */,
				53A0DAED1B71A19F0085F65A /* SDWebImageDecoder.h */,
				53A0DAEE1B71A19F0085F65A /* SDWebImageDecoder.m */,
				53A0DAEF1B71A19F0085F65A /* SDWebImageDownloader.h */,
				53A0DAF01B71A19F0085F65A /* SDWebImageDownloader.m */,
				53A0DAF11B71A19F0085F65A /* SDWebImageDownloaderOperation.h */,
				53A0DAF21B71A19F0085F65A /* SDWebImageDownloaderOperation.m */,
				53A0DAF31B71A19F0085F65A /* SDWebImageManager.h */,
				53A0DAF41B71A19F0085F65A /* SDWebImageManager.m */,
				53A0DAF51B71A19F0085F65A /* SDWebImageOperation.h */,
				53A0DAF61B71A19F0085F65A /* SDWebImagePrefetcher.h */,
				53A0DAF71B71A19F0085F65A /* SDWebImagePrefetcher.m */,
				53A0DAF81B71A19F0085F65A /* UIButton+WebCache.h */,
				53A0DAF91B71A19F0085F65A /* UIButton+WebCache.m */,
				53A0DAFA1B71A19F0085F65A /* UIImage+GIF.h */,
				53A0DAFB1B71A19F0085F65A /* UIImage+GIF.m */,
				53A0DAFC1B71A19F0085F65A /* UIImage+MultiFormat.h */,
				53A0DAFD1B71A19F0085F65A /* UIImage+MultiFormat.m */,
				53A0DAFE1B71A19F0085F65A /* UIImage+WebP.h */,
				53A0DAFF1B71A19F0085F65A /* UIImage+WebP.m */,
				53A0DB001B71A19F0085F65A /* UIImageView+HighlightedWebCache.h */,
				53A0DB011B71A19F0085F65A /* UIImageView+HighlightedWebCache.m */,
				53A0DB021B71A19F0085F65A /* UIImageView+WebCache.h */,
				53A0DB031B71A19F0085F65A /* UIImageView+WebCache.m */,
				53A0DB041B71A19F0085F65A /* UIView+WebCacheOperation.h */,
				53A0DB051B71A19F0085F65A /* UIView+WebCacheOperation.m */,
			);
			name = SDWebImage;
			path = "../../../../../../../../../../Volumes/软件/iOS/day33/1014/代码/黑马微博2期24-显示最新微博数/黑马微博2期/Classes/Main(主要)/Lib/SDWebImage";
			sourceTree = "<group>";
		};
		53A0DB161B71A1AF0085F65A /* MJExtension */ = {
			isa = PBXGroup;
			children = (
				53A0DB171B71A1AF0085F65A /* MJArgument.h */,
				53A0DB181B71A1AF0085F65A /* MJArgument.m */,
				53A0DB191B71A1AF0085F65A /* MJConst.h */,
				53A0DB1A1B71A1AF0085F65A /* MJConst.m */,
				53A0DB1B1B71A1AF0085F65A /* MJExtension.h */,
				53A0DB1C1B71A1AF0085F65A /* MJFoundation.h */,
				53A0DB1D1B71A1AF0085F65A /* MJFoundation.m */,
				53A0DB1E1B71A1AF0085F65A /* MJIvar.h */,
				53A0DB1F1B71A1AF0085F65A /* MJIvar.m */,
				53A0DB201B71A1AF0085F65A /* MJMember.h */,
				53A0DB211B71A1AF0085F65A /* MJMember.m */,
				53A0DB221B71A1AF0085F65A /* MJMethod.h */,
				53A0DB231B71A1AF0085F65A /* MJMethod.m */,
				53A0DB241B71A1AF0085F65A /* MJType.h */,
				53A0DB251B71A1AF0085F65A /* MJType.m */,
				53A0DB261B71A1AF0085F65A /* MJTypeEncoding.h */,
				53A0DB271B71A1AF0085F65A /* MJTypeEncoding.m */,
				53A0DB281B71A1AF0085F65A /* NSObject+MJCoding.h */,
				53A0DB291B71A1AF0085F65A /* NSObject+MJCoding.m */,
				53A0DB2A1B71A1AF0085F65A /* NSObject+MJKeyValue.h */,
				53A0DB2B1B71A1AF0085F65A /* NSObject+MJKeyValue.m */,
				53A0DB2C1B71A1AF0085F65A /* NSObject+MJMember.h */,
				53A0DB2D1B71A1AF0085F65A /* NSObject+MJMember.m */,
			);
			name = MJExtension;
			path = "../../../../../../../../../../Volumes/软件/iOS/day33/1014/代码/黑马微博2期24-显示最新微博数/黑马微博2期/Classes/Main(主要)/Lib/MJExtension";
			sourceTree = "<group>";
		};
		53D7C77D1B5DDFC900EF0F44 /* Discover(发现） */ = {
			isa = PBXGroup;
			children = (
				53D7C77E1B5DDFC900EF0F44 /* Control */,
				53D7C7811B5DDFC900EF0F44 /* Model */,
				53D7C7821B5DDFC900EF0F44 /* View */,
			);
			path = "Discover(发现）";
			sourceTree = "<group>";
		};
		53D7C77E1B5DDFC900EF0F44 /* Control */ = {
			isa = PBXGroup;
			children = (
				53D7C77F1B5DDFC900EF0F44 /* FantasyDiscoverViewController.h */,
				53D7C7801B5DDFC900EF0F44 /* FantasyDiscoverViewController.m */,
			);
			path = Control;
			sourceTree = "<group>";
		};
		53D7C7811B5DDFC900EF0F44 /* Model */ = {
			isa = PBXGroup;
			children = (
			);
			path = Model;
			sourceTree = "<group>";
		};
		53D7C7821B5DDFC900EF0F44 /* View */ = {
			isa = PBXGroup;
			children = (
			);
			path = View;
			sourceTree = "<group>";
		};
		53D7C7831B5DDFC900EF0F44 /* Home(首页) */ = {
			isa = PBXGroup;
			children = (
				53D7C7841B5DDFC900EF0F44 /* Control */,
				53D7C7871B5DDFC900EF0F44 /* Model */,
				53D7C7881B5DDFC900EF0F44 /* View */,
			);
			path = "Home(首页)";
			sourceTree = "<group>";
		};
		53D7C7841B5DDFC900EF0F44 /* Control */ = {
			isa = PBXGroup;
			children = (
				53D7C7851B5DDFC900EF0F44 /* FantasyHomeViewController.h */,
				53D7C7861B5DDFC900EF0F44 /* FantasyHomeViewController.m */,
			);
			path = Control;
			sourceTree = "<group>";
		};
		53D7C7871B5DDFC900EF0F44 /* Model */ = {
			isa = PBXGroup;
			children = (
				53A0DB3B1B71A6930085F65A /* FTUser.h */,
				53A0DB3C1B71A6930085F65A /* FTUser.m */,
				53A0DB3E1B71A6DE0085F65A /* FTStatus.h */,
				53A0DB3F1B71A6DE0085F65A /* FTStatus.m */,
				53A0DB5E1B72059B0085F65A /* FTStatusFrame.h */,
				53A0DB5F1B72059B0085F65A /* FTStatusFrame.m */,
			);
			path = Model;
			sourceTree = "<group>";
		};
		53D7C7881B5DDFC900EF0F44 /* View */ = {
			isa = PBXGroup;
			children = (
				53124C3F1B61F696001357A5 /* FTTitleMenuViewController.h */,
				53124C401B61F696001357A5 /* FTTitleMenuViewController.m */,
				53A0DB441B71A9960085F65A /* FTTitleButton.h */,
				53A0DB451B71A9960085F65A /* FTTitleButton.m */,
				53A0DB511B71CFCD0085F65A /* FTLoadMoreFooter.h */,
				53A0DB521B71CFCD0085F65A /* FTLoadMoreFooter.m */,
				53A0DB541B71CFDA0085F65A /* FTLoadMoreFooter.xib */,
				53A0DB5B1B7201A40085F65A /* FTStatusCell.h */,
				53A0DB5C1B7201A40085F65A /* FTStatusCell.m */,
			);
			path = View;
			sourceTree = "<group>";
		};
		53D7C7891B5DDFC900EF0F44 /* Main */ = {
			isa = PBXGroup;
			children = (
				53D7C78A1B5DDFC900EF0F44 /* Category */,
				53D7C78D1B5DDFC900EF0F44 /* Control */,
				53D7C7921B5DDFC900EF0F44 /* Lib */,
				53D7C7931B5DDFC900EF0F44 /* Model */,
				53D7C7941B5DDFC900EF0F44 /* Other */,
				53D7C7981B5DDFC900EF0F44 /* View */,
			);
			path = Main;
			sourceTree = "<group>";
		};
		53D7C78A1B5DDFC900EF0F44 /* Category */ = {
			isa = PBXGroup;
			children = (
				53A0DB391B71A1FF0085F65A /* Foundation+Log.m */,
				53D7C78B1B5DDFC900EF0F44 /* UIView+Extension.h */,
				53D7C78C1B5DDFC900EF0F44 /* UIView+Extension.m */,
				53D7C7B91B5DE5A600EF0F44 /* UIBarButtonItem+Extension.h */,
				53D7C7BA1B5DE5A600EF0F44 /* UIBarButtonItem+Extension.m */,
				53DF769B1B69C30500B3A145 /* UIWindow+Extension.h */,
				53DF769C1B69C30500B3A145 /* UIWindow+Extension.m */,
			);
			path = Category;
			sourceTree = "<group>";
		};
		53D7C78D1B5DDFC900EF0F44 /* Control */ = {
			isa = PBXGroup;
			children = (
				53D7C78E1B5DDFC900EF0F44 /* FantasyNavigationController.h */,
				53D7C78F1B5DDFC900EF0F44 /* FantasyNavigationController.m */,
				53D7C7901B5DDFC900EF0F44 /* FantasyTabBarViewController.h */,
				53D7C7911B5DDFC900EF0F44 /* FantasyTabBarViewController.m */,
			);
			path = Control;
			sourceTree = "<group>";
		};
		53D7C7921B5DDFC900EF0F44 /* Lib */ = {
			isa = PBXGroup;
			children = (
				53A0DB161B71A1AF0085F65A /* MJExtension */,
				53A0DAE41B71A19F0085F65A /* SDWebImage */,
				53F25FAF1B68BBB100ED2E6D /* MBProgressHUD */,
				537CD8D51B66746B0022BBF5 /* AFNetworking */,
			);
			path = Lib;
			sourceTree = "<group>";
		};
		53D7C7931B5DDFC900EF0F44 /* Model */ = {
			isa = PBXGroup;
			children = (
			);
			path = Model;
			sourceTree = "<group>";
		};
		53D7C7941B5DDFC900EF0F44 /* Other */ = {
			isa = PBXGroup;
			children = (
				53D7C7951B5DDFC900EF0F44 /* AppDelegate.h */,
				53D7C7961B5DDFC900EF0F44 /* AppDelegate.m */,
				53D7C7971B5DDFC900EF0F44 /* main.m */,
			);
			path = Other;
			sourceTree = "<group>";
		};
		53D7C7981B5DDFC900EF0F44 /* View */ = {
			isa = PBXGroup;
			children = (
				53124C3C1B61F50E001357A5 /* FTDropdownMenu.h */,
				53124C3D1B61F50E001357A5 /* FTDropdownMenu.m */,
				53D7C7BC1B5E469C00EF0F44 /* FTSearchBar.h */,
				53D7C7BD1B5E469C00EF0F44 /* FTSearchBar.m */,
				53ED52A61B653ABD008D908C /* FTTabBar.h */,
				53ED52A71B653ABD008D908C /* FTTabBar.m */,
			);
			path = View;
			sourceTree = "<group>";
		};
		53D7C7991B5DDFC900EF0F44 /* MessegeCenter(消息) */ = {
			isa = PBXGroup;
			children = (
				53D7C79A1B5DDFC900EF0F44 /* Control */,
				53D7C79D1B5DDFC900EF0F44 /* Model */,
				53D7C79E1B5DDFC900EF0F44 /* View */,
			);
			path = "MessegeCenter(消息)";
			sourceTree = "<group>";
		};
		53D7C79A1B5DDFC900EF0F44 /* Control */ = {
			isa = PBXGroup;
			children = (
				53D7C79B1B5DDFC900EF0F44 /* FantasyMessageCenterViewController.h */,
				53D7C79C1B5DDFC900EF0F44 /* FantasyMessageCenterViewController.m */,
			);
			path = Control;
			sourceTree = "<group>";
		};
		53D7C79D1B5DDFC900EF0F44 /* Model */ = {
			isa = PBXGroup;
			children = (
			);
			path = Model;
			sourceTree = "<group>";
		};
		53D7C79E1B5DDFC900EF0F44 /* View */ = {
			isa = PBXGroup;
			children = (
			);
			path = View;
			sourceTree = "<group>";
		};
		53D7C79F1B5DDFC900EF0F44 /* Profile(我) */ = {
			isa = PBXGroup;
			children = (
				53D7C7A01B5DDFC900EF0F44 /* Control */,
				53D7C7A31B5DDFC900EF0F44 /* Model */,
				53D7C7A41B5DDFC900EF0F44 /* View */,
			);
			path = "Profile(我)";
			sourceTree = "<group>";
		};
		53D7C7A01B5DDFC900EF0F44 /* Control */ = {
			isa = PBXGroup;
			children = (
				53D7C7A11B5DDFC900EF0F44 /* FantasyProfileViewController.h */,
				53D7C7A21B5DDFC900EF0F44 /* FantasyProfileViewController.m */,
			);
			path = Control;
			sourceTree = "<group>";
		};
		53D7C7A31B5DDFC900EF0F44 /* Model */ = {
			isa = PBXGroup;
			children = (
			);
			path = Model;
			sourceTree = "<group>";
		};
		53D7C7A41B5DDFC900EF0F44 /* View */ = {
			isa = PBXGroup;
			children = (
			);
			path = View;
			sourceTree = "<group>";
		};
		53D7C7A51B5DDFC900EF0F44 /* Temp(临时) */ = {
			isa = PBXGroup;
			children = (
				53D7C7A61B5DDFC900EF0F44 /* FantasyTest1ViewController.h */,
				53D7C7A71B5DDFC900EF0F44 /* FantasyTest1ViewController.m */,
				53D7C7A81B5DDFC900EF0F44 /* FantasyTest1ViewController.xib */,
				53D7C7A91B5DDFC900EF0F44 /* FantasyTestViewController.h */,
				53D7C7AA1B5DDFC900EF0F44 /* FantasyTestViewController.m */,
				53D7C7AB1B5DDFC900EF0F44 /* FantasyTestViewController.xib */,
			);
			path = "Temp(临时)";
			sourceTree = "<group>";
		};
		53DF76971B69BB4800B3A145 /* Tool */ = {
			isa = PBXGroup;
			children = (
				53DF76981B69BB6900B3A145 /* FTAccountTool.h */,
				53DF76991B69BB6900B3A145 /* FTAccountTool.m */,
			);
			path = Tool;
			sourceTree = "<group>";
		};
		53F25FAF1B68BBB100ED2E6D /* MBProgressHUD */ = {
			isa = PBXGroup;
			children = (
				53F25FB01B68BBB100ED2E6D /* MBProgressHUD+MJ.h */,
				53F25FB11B68BBB100ED2E6D /* MBProgressHUD+MJ.m */,
				53F25FB21B68BBB100ED2E6D /* MBProgressHUD.bundle */,
				53F25FB31B68BBB100ED2E6D /* MBProgressHUD.h */,
				53F25FB41B68BBB100ED2E6D /* MBProgressHUD.m */,
			);
			name = MBProgressHUD;
			path = "../../../../../../../../../../Volumes/软件/iOS/day32/1012/代码/黑马微博2期15-账号信息存储/黑马微博2期/Classes/Main(主要)/Lib/MBProgressHUD";
			sourceTree = "<group>";
		};
		53F25FB81B68BC3200ED2E6D /* Control */ = {
			isa = PBXGroup;
			children = (
				53F25FB91B68BC3200ED2E6D /* FTOAuthViewController.h */,
				53F25FBA1B68BC3200ED2E6D /* FTOAuthViewController.m */,
			);
			path = Control;
			sourceTree = "<group>";
		};
		53F25FBB1B68BC3200ED2E6D /* Model */ = {
			isa = PBXGroup;
			children = (
				53F25FBD1B68BCA000ED2E6D /* FTAccount.h */,
				53F25FBE1B68BCA000ED2E6D /* FTAccount.m */,
			);
			path = Model;
			sourceTree = "<group>";
		};
/* End PBXGroup section */

/* Begin PBXNativeTarget section */
		5389119B1B455E4C00719557 /* FantasyWeibo */ = {
			isa = PBXNativeTarget;
			buildConfigurationList = 538911BF1B455E4C00719557 /* Build configuration list for PBXNativeTarget "FantasyWeibo" */;
			buildPhases = (
				538911981B455E4C00719557 /* Sources */,
				538911991B455E4C00719557 /* Frameworks */,
				5389119A1B455E4C00719557 /* Resources */,
			);
			buildRules = (
			);
			dependencies = (
			);
			name = FantasyWeibo;
			productName = FantasyWeibo;
			productReference = 5389119C1B455E4C00719557 /* FantasyWeibo.app */;
			productType = "com.apple.product-type.application";
		};
		538911B41B455E4C00719557 /* FantasyWeiboTests */ = {
			isa = PBXNativeTarget;
			buildConfigurationList = 538911C21B455E4C00719557 /* Build configuration list for PBXNativeTarget "FantasyWeiboTests" */;
			buildPhases = (
				538911B11B455E4C00719557 /* Sources */,
				538911B21B455E4C00719557 /* Frameworks */,
				538911B31B455E4C00719557 /* Resources */,
			);
			buildRules = (
			);
			dependencies = (
				538911B71B455E4C00719557 /* PBXTargetDependency */,
			);
			name = FantasyWeiboTests;
			productName = FantasyWeiboTests;
			productReference = 538911B51B455E4C00719557 /* FantasyWeiboTests.xctest */;
			productType = "com.apple.product-type.bundle.unit-test";
		};
/* End PBXNativeTarget section */

/* Begin PBXProject section */
		538911941B455E4C00719557 /* Project object */ = {
			isa = PBXProject;
			attributes = {
				LastUpgradeCheck = 0630;
				ORGANIZATIONNAME = clm;
				TargetAttributes = {
					5389119B1B455E4C00719557 = {
						CreatedOnToolsVersion = 6.3.2;
					};
					538911B41B455E4C00719557 = {
						CreatedOnToolsVersion = 6.3.2;
						TestTargetID = 5389119B1B455E4C00719557;
					};
				};
			};
			buildConfigurationList = 538911971B455E4C00719557 /* Build configuration list for PBXProject "FantasyWeibo" */;
			compatibilityVersion = "Xcode 3.2";
			developmentRegion = English;
			hasScannedForEncodings = 0;
			knownRegions = (
				en,
				Base,
			);
			mainGroup = 538911931B455E4C00719557;
			productRefGroup = 5389119D1B455E4C00719557 /* Products */;
			projectDirPath = "";
			projectRoot = "";
			targets = (
				5389119B1B455E4C00719557 /* FantasyWeibo */,
				538911B41B455E4C00719557 /* FantasyWeiboTests */,
			);
		};
/* End PBXProject section */

/* Begin PBXResourcesBuildPhase section */
		5389119A1B455E4C00719557 /* Resources */ = {
			isa = PBXResourcesBuildPhase;
			buildActionMask = 2147483647;
			files = (
				538911B01B455E4C00719557 /* LaunchScreen.xib in Resources */,
				538911AD1B455E4C00719557 /* Images.xcassets in Resources */,
				53F25FB61B68BBB100ED2E6D /* MBProgressHUD.bundle in Resources */,
				53D7C7B61B5DDFC900EF0F44 /* FantasyTest1ViewController.xib in Resources */,
				53D7C7B81B5DDFC900EF0F44 /* FantasyTestViewController.xib in Resources */,
				53A0DB551B71CFDA0085F65A /* FTLoadMoreFooter.xib in Resources */,
			);
			runOnlyForDeploymentPostprocessing = 0;
		};
		538911B31B455E4C00719557 /* Resources */ = {
			isa = PBXResourcesBuildPhase;
			buildActionMask = 2147483647;
			files = (
			);
			runOnlyForDeploymentPostprocessing = 0;
		};
/* End PBXResourcesBuildPhase section */

/* Begin PBXSourcesBuildPhase section */
		538911981B455E4C00719557 /* Sources */ = {
			isa = PBXSourcesBuildPhase;
			buildActionMask = 2147483647;
			files = (
				53A0DB131B71A19F0085F65A /* UIImageView+HighlightedWebCache.m in Sources */,
				537CD8E91B66746B0022BBF5 /* AFHTTPRequestOperation.m in Sources */,
				53D7C7BB1B5DE5A600EF0F44 /* UIBarButtonItem+Extension.m in Sources */,
				53A0DB461B71A9960085F65A /* FTTitleButton.m in Sources */,
				537CD8D41B662C9D0022BBF5 /* FTNewFeatureViewController.m in Sources */,
				53A0DB311B71A1AF0085F65A /* MJIvar.m in Sources */,
				53A0DB2F1B71A1AF0085F65A /* MJConst.m in Sources */,
				53A0DB2E1B71A1AF0085F65A /* MJArgument.m in Sources */,
				53124C411B61F696001357A5 /* FTTitleMenuViewController.m in Sources */,
				53A0DB601B72059B0085F65A /* FTStatusFrame.m in Sources */,
				53A0DB531B71CFCD0085F65A /* FTLoadMoreFooter.m in Sources */,
				53F25FB51B68BBB100ED2E6D /* MBProgressHUD+MJ.m in Sources */,
				53A0DB141B71A19F0085F65A /* UIImageView+WebCache.m in Sources */,
				53D7C7AE1B5DDFC900EF0F44 /* UIView+Extension.m in Sources */,
				53A0DB401B71A6DE0085F65A /* FTStatus.m in Sources */,
				53A0DB3A1B71A1FF0085F65A /* Foundation+Log.m in Sources */,
				53A0DB331B71A1AF0085F65A /* MJMethod.m in Sources */,
				53A0DB5D1B7201A40085F65A /* FTStatusCell.m in Sources */,
				53D7C7AD1B5DDFC900EF0F44 /* FantasyHomeViewController.m in Sources */,
				53A0DB0F1B71A19F0085F65A /* UIButton+WebCache.m in Sources */,
				53D7C7B41B5DDFC900EF0F44 /* FantasyProfileViewController.m in Sources */,
				53A0DB381B71A1AF0085F65A /* NSObject+MJMember.m in Sources */,
				53F25FB71B68BBB100ED2E6D /* MBProgressHUD.m in Sources */,
				53A0DB341B71A1AF0085F65A /* MJType.m in Sources */,
				537CD8EB1B66746B0022BBF5 /* AFHTTPSessionManager.m in Sources */,
				53A0DB101B71A19F0085F65A /* UIImage+GIF.m in Sources */,
				53A0DB0E1B71A19F0085F65A /* SDWebImagePrefetcher.m in Sources */,
				53D7C7B31B5DDFC900EF0F44 /* FantasyMessageCenterViewController.m in Sources */,
				53D7C7B11B5DDFC900EF0F44 /* AppDelegate.m in Sources */,
				537CD8EC1B66746B0022BBF5 /* AFNetworkReachabilityManager.m in Sources */,
				53A0DB091B71A19F0085F65A /* SDWebImageCompat.m in Sources */,
				53A0DB0B1B71A19F0085F65A /* SDWebImageDownloader.m in Sources */,
				53A0DB0C1B71A19F0085F65A /* SDWebImageDownloaderOperation.m in Sources */,
				53A0DB0A1B71A19F0085F65A /* SDWebImageDecoder.m in Sources */,
				53A0DB0D1B71A19F0085F65A /* SDWebImageManager.m in Sources */,
				53DF769D1B69C30500B3A145 /* UIWindow+Extension.m in Sources */,
				537CD8F11B66746B0022BBF5 /* AFURLSessionManager.m in Sources */,
				53D7C7B51B5DDFC900EF0F44 /* FantasyTest1ViewController.m in Sources */,
				53A0DB3D1B71A6930085F65A /* FTUser.m in Sources */,
				53124C3E1B61F50E001357A5 /* FTDropdownMenu.m in Sources */,
				537CD8EE1B66746B0022BBF5 /* AFURLConnectionOperation.m in Sources */,
				53A0DB151B71A19F0085F65A /* UIView+WebCacheOperation.m in Sources */,
				537CD8F01B66746B0022BBF5 /* AFURLResponseSerialization.m in Sources */,
				53A0DB351B71A1AF0085F65A /* MJTypeEncoding.m in Sources */,
				53A0DB321B71A1AF0085F65A /* MJMember.m in Sources */,
				53D7C7B01B5DDFC900EF0F44 /* FantasyTabBarViewController.m in Sources */,
				53A0DB301B71A1AF0085F65A /* MJFoundation.m in Sources */,
				537CD8EF1B66746B0022BBF5 /* AFURLRequestSerialization.m in Sources */,
				53D7C7AF1B5DDFC900EF0F44 /* FantasyNavigationController.m in Sources */,
				53ED52A81B653ABD008D908C /* FTTabBar.m in Sources */,
				53A0DB061B71A19F0085F65A /* MKAnnotationView+WebCache.m in Sources */,
				53A0DB111B71A19F0085F65A /* UIImage+MultiFormat.m in Sources */,
				53D7C7BE1B5E469C00EF0F44 /* FTSearchBar.m in Sources */,
				53DF769A1B69BB6900B3A145 /* FTAccountTool.m in Sources */,
				53A0DB071B71A19F0085F65A /* NSData+ImageContentType.m in Sources */,
				53F25FBF1B68BCA000ED2E6D /* FTAccount.m in Sources */,
				53A0DB121B71A19F0085F65A /* UIImage+WebP.m in Sources */,
				53D7C7B71B5DDFC900EF0F44 /* FantasyTestViewController.m in Sources */,
				53D7C7B21B5DDFC900EF0F44 /* main.m in Sources */,
				537CD8EA1B66746B0022BBF5 /* AFHTTPRequestOperationManager.m in Sources */,
				537CD8ED1B66746B0022BBF5 /* AFSecurityPolicy.m in Sources */,
				53A0DB361B71A1AF0085F65A /* NSObject+MJCoding.m in Sources */,
				53A0DB371B71A1AF0085F65A /* NSObject+MJKeyValue.m in Sources */,
				53F25FBC1B68BC3200ED2E6D /* FTOAuthViewController.m in Sources */,
				53D7C7AC1B5DDFC900EF0F44 /* FantasyDiscoverViewController.m in Sources */,
				53A0DB081B71A19F0085F65A /* SDImageCache.m in Sources */,
			);
			runOnlyForDeploymentPostprocessing = 0;
		};
		538911B11B455E4C00719557 /* Sources */ = {
			isa = PBXSourcesBuildPhase;
			buildActionMask = 2147483647;
			files = (
				538911BC1B455E4C00719557 /* FantasyWeiboTests.m in Sources */,
			);
			runOnlyForDeploymentPostprocessing = 0;
		};
/* End PBXSourcesBuildPhase section */

/* Begin PBXTargetDependency section */
		538911B71B455E4C00719557 /* PBXTargetDependency */ = {
			isa = PBXTargetDependency;
			target = 5389119B1B455E4C00719557 /* FantasyWeibo */;
			targetProxy = 538911B61B455E4C00719557 /* PBXContainerItemProxy */;
		};
/* End PBXTargetDependency section */

/* Begin PBXVariantGroup section */
		538911AE1B455E4C00719557 /* LaunchScreen.xib */ = {
			isa = PBXVariantGroup;
			children = (
				538911AF1B455E4C00719557 /* Base */,
			);
			name = LaunchScreen.xib;
			sourceTree = "<group>";
		};
/* End PBXVariantGroup section */

/* Begin XCBuildConfiguration section */
		538911BD1B455E4C00719557 /* Debug */ = {
			isa = XCBuildConfiguration;
			buildSettings = {
				ALWAYS_SEARCH_USER_PATHS = NO;
				CLANG_CXX_LANGUAGE_STANDARD = "gnu++0x";
				CLANG_CXX_LIBRARY = "libc++";
				CLANG_ENABLE_MODULES = YES;
				CLANG_ENABLE_OBJC_ARC = YES;
				CLANG_WARN_BOOL_CONVERSION = YES;
				CLANG_WARN_CONSTANT_CONVERSION = YES;
				CLANG_WARN_DIRECT_OBJC_ISA_USAGE = YES_ERROR;
				CLANG_WARN_EMPTY_BODY = YES;
				CLANG_WARN_ENUM_CONVERSION = YES;
				CLANG_WARN_INT_CONVERSION = YES;
				CLANG_WARN_OBJC_ROOT_CLASS = YES_ERROR;
				CLANG_WARN_UNREACHABLE_CODE = YES;
				CLANG_WARN__DUPLICATE_METHOD_MATCH = YES;
				"CODE_SIGN_IDENTITY[sdk=iphoneos*]" = "iPhone Developer";
				COPY_PHASE_STRIP = NO;
				DEBUG_INFORMATION_FORMAT = "dwarf-with-dsym";
				ENABLE_STRICT_OBJC_MSGSEND = YES;
				GCC_C_LANGUAGE_STANDARD = gnu99;
				GCC_DYNAMIC_NO_PIC = NO;
				GCC_NO_COMMON_BLOCKS = YES;
				GCC_OPTIMIZATION_LEVEL = 0;
				GCC_PREPROCESSOR_DEFINITIONS = (
					"DEBUG=1",
					"$(inherited)",
				);
				GCC_SYMBOLS_PRIVATE_EXTERN = NO;
				GCC_WARN_64_TO_32_BIT_CONVERSION = YES;
				GCC_WARN_ABOUT_RETURN_TYPE = YES_ERROR;
				GCC_WARN_UNDECLARED_SELECTOR = YES;
				GCC_WARN_UNINITIALIZED_AUTOS = YES_AGGRESSIVE;
				GCC_WARN_UNUSED_FUNCTION = YES;
				GCC_WARN_UNUSED_VARIABLE = YES;
				IPHONEOS_DEPLOYMENT_TARGET = 8.3;
				MTL_ENABLE_DEBUG_INFO = YES;
				ONLY_ACTIVE_ARCH = YES;
				SDKROOT = iphoneos;
			};
			name = Debug;
		};
		538911BE1B455E4C00719557 /* Release */ = {
			isa = XCBuildConfiguration;
			buildSettings = {
				ALWAYS_SEARCH_USER_PATHS = NO;
				CLANG_CXX_LANGUAGE_STANDARD = "gnu++0x";
				CLANG_CXX_LIBRARY = "libc++";
				CLANG_ENABLE_MODULES = YES;
				CLANG_ENABLE_OBJC_ARC = YES;
				CLANG_WARN_BOOL_CONVERSION = YES;
				CLANG_WARN_CONSTANT_CONVERSION = YES;
				CLANG_WARN_DIRECT_OBJC_ISA_USAGE = YES_ERROR;
				CLANG_WARN_EMPTY_BODY = YES;
				CLANG_WARN_ENUM_CONVERSION = YES;
				CLANG_WARN_INT_CONVERSION = YES;
				CLANG_WARN_OBJC_ROOT_CLASS = YES_ERROR;
				CLANG_WARN_UNREACHABLE_CODE = YES;
				CLANG_WARN__DUPLICATE_METHOD_MATCH = YES;
				"CODE_SIGN_IDENTITY[sdk=iphoneos*]" = "iPhone Developer";
				COPY_PHASE_STRIP = NO;
				DEBUG_INFORMATION_FORMAT = "dwarf-with-dsym";
				ENABLE_NS_ASSERTIONS = NO;
				ENABLE_STRICT_OBJC_MSGSEND = YES;
				GCC_C_LANGUAGE_STANDARD = gnu99;
				GCC_NO_COMMON_BLOCKS = YES;
				GCC_WARN_64_TO_32_BIT_CONVERSION = YES;
				GCC_WARN_ABOUT_RETURN_TYPE = YES_ERROR;
				GCC_WARN_UNDECLARED_SELECTOR = YES;
				GCC_WARN_UNINITIALIZED_AUTOS = YES_AGGRESSIVE;
				GCC_WARN_UNUSED_FUNCTION = YES;
				GCC_WARN_UNUSED_VARIABLE = YES;
				IPHONEOS_DEPLOYMENT_TARGET = 8.3;
				MTL_ENABLE_DEBUG_INFO = NO;
				SDKROOT = iphoneos;
				VALIDATE_PRODUCT = YES;
			};
			name = Release;
		};
		538911C01B455E4C00719557 /* Debug */ = {
			isa = XCBuildConfiguration;
			buildSettings = {
				ASSETCATALOG_COMPILER_APPICON_NAME = AppIcon;
				ASSETCATALOG_COMPILER_LAUNCHIMAGE_NAME = LaunchImage;
				INFOPLIST_FILE = FantasyWeibo/Info.plist;
				LD_RUNPATH_SEARCH_PATHS = "$(inherited) @executable_path/Frameworks";
				PRODUCT_NAME = "$(TARGET_NAME)";
			};
			name = Debug;
		};
		538911C11B455E4C00719557 /* Release */ = {
			isa = XCBuildConfiguration;
			buildSettings = {
				ASSETCATALOG_COMPILER_APPICON_NAME = AppIcon;
				ASSETCATALOG_COMPILER_LAUNCHIMAGE_NAME = LaunchImage;
				INFOPLIST_FILE = FantasyWeibo/Info.plist;
				LD_RUNPATH_SEARCH_PATHS = "$(inherited) @executable_path/Frameworks";
				PRODUCT_NAME = "$(TARGET_NAME)";
			};
			name = Release;
		};
		538911C31B455E4C00719557 /* Debug */ = {
			isa = XCBuildConfiguration;
			buildSettings = {
				BUNDLE_LOADER = "$(TEST_HOST)";
				FRAMEWORK_SEARCH_PATHS = (
					"$(SDKROOT)/Developer/Library/Frameworks",
					"$(inherited)",
				);
				GCC_PREPROCESSOR_DEFINITIONS = (
					"DEBUG=1",
					"$(inherited)",
				);
				INFOPLIST_FILE = FantasyWeiboTests/Info.plist;
				LD_RUNPATH_SEARCH_PATHS = "$(inherited) @executable_path/Frameworks @loader_path/Frameworks";
				PRODUCT_NAME = "$(TARGET_NAME)";
				TEST_HOST = "$(BUILT_PRODUCTS_DIR)/FantasyWeibo.app/FantasyWeibo";
			};
			name = Debug;
		};
		538911C41B455E4C00719557 /* Release */ = {
			isa = XCBuildConfiguration;
			buildSettings = {
				BUNDLE_LOADER = "$(TEST_HOST)";
				FRAMEWORK_SEARCH_PATHS = (
					"$(SDKROOT)/Developer/Library/Frameworks",
					"$(inherited)",
				);
				INFOPLIST_FILE = FantasyWeiboTests/Info.plist;
				LD_RUNPATH_SEARCH_PATHS = "$(inherited) @executable_path/Frameworks @loader_path/Frameworks";
				PRODUCT_NAME = "$(TARGET_NAME)";
				TEST_HOST = "$(BUILT_PRODUCTS_DIR)/FantasyWeibo.app/FantasyWeibo";
			};
			name = Release;
		};
/* End XCBuildConfiguration section */

/* Begin XCConfigurationList section */
		538911971B455E4C00719557 /* Build configuration list for PBXProject "FantasyWeibo" */ = {
			isa = XCConfigurationList;
			buildConfigurations = (
				538911BD1B455E4C00719557 /* Debug */,
				538911BE1B455E4C00719557 /* Release */,
			);
			defaultConfigurationIsVisible = 0;
			defaultConfigurationName = Release;
		};
		538911BF1B455E4C00719557 /* Build configuration list for PBXNativeTarget "FantasyWeibo" */ = {
			isa = XCConfigurationList;
			buildConfigurations = (
				538911C01B455E4C00719557 /* Debug */,
				538911C11B455E4C00719557 /* Release */,
			);
			defaultConfigurationIsVisible = 0;
			defaultConfigurationName = Release;
		};
		538911C21B455E4C00719557 /* Build configuration list for PBXNativeTarget "FantasyWeiboTests" */ = {
			isa = XCConfigurationList;
			buildConfigurations = (
				538911C31B455E4C00719557 /* Debug */,
				538911C41B455E4C00719557 /* Release */,
			);
			defaultConfigurationIsVisible = 0;
			defaultConfigurationName = Release;
		};
/* End XCConfigurationList section */
	};
	rootObject = 538911941B455E4C00719557 /* Project object */;
}
