// !$*UTF8*$!
{
	archiveVersion = 1;
	classes = {
	};
	objectVersion = 46;
	objects = {

/* Begin PBXBuildFile section */
		531A1C1A1B7DFF0200D1380C /* main.m in Sources */ = {isa = PBXBuildFile; fileRef = 531A1C191B7DFF0200D1380C /* main.m */; };
		531A1C1D1B7DFF0200D1380C /* AppDelegate.m in Sources */ = {isa = PBXBuildFile; fileRef = 531A1C1C1B7DFF0200D1380C /* AppDelegate.m */; };
		531A1C201B7DFF0200D1380C /* ViewController.m in Sources */ = {isa = PBXBuildFile; fileRef = 531A1C1F1B7DFF0200D1380C /* ViewController.m */; };
		531A1C231B7DFF0200D1380C /* Main.storyboard in Resources */ = {isa = PBXBuildFile; fileRef = 531A1C211B7DFF0200D1380C /* Main.storyboard */; };
		531A1C251B7DFF0200D1380C /* Images.xcassets in Resources */ = {isa = PBXBuildFile; fileRef = 531A1C241B7DFF0200D1380C /* Images.xcassets */; };
		531A1C281B7DFF0200D1380C /* LaunchScreen.xib in Resources */ = {isa = PBXBuildFile; fileRef = 531A1C261B7DFF0200D1380C /* LaunchScreen.xib */; };
		531A1C341B7DFF0200D1380C /* _1_Popover_____Tests.m in Sources */ = {isa = PBXBuildFile; fileRef = 531A1C331B7DFF0200D1380C /* _1_Popover_____Tests.m */; };
/* End PBXBuildFile section */

/* Begin PBXContainerItemProxy section */
		531A1C2E1B7DFF0200D1380C /* PBXContainerItemProxy */ = {
			isa = PBXContainerItemProxy;
			containerPortal = 531A1C0C1B7DFF0200D1380C /* Project object */;
			proxyType = 1;
			remoteGlobalIDString = 531A1C131B7DFF0200D1380C;
			remoteInfo = "01-Popover的基本使用";
		};
/* End PBXContainerItemProxy section */

/* Begin PBXFileReference section */
		531A1C141B7DFF0200D1380C /* 01-Popover的基本使用.app */ = {isa = PBXFileReference; explicitFileType = wrapper.application; includeInIndex = 0; path = "01-Popover的基本使用.app"; sourceTree = BUILT_PRODUCTS_DIR; };
		531A1C181B7DFF0200D1380C /* Info.plist */ = {isa = PBXFileReference; lastKnownFileType = text.plist.xml; path = Info.plist; sourceTree = "<group>"; };
		531A1C191B7DFF0200D1380C /* main.m */ = {isa = PBXFileReference; lastKnownFileType = sourcecode.c.objc; path = main.m; sourceTree = "<group>"; };
		531A1C1B1B7DFF0200D1380C /* AppDelegate.h */ = {isa = PBXFileReference; lastKnownFileType = sourcecode.c.h; path = AppDelegate.h; sourceTree = "<group>"; };
		531A1C1C1B7DFF0200D1380C /* AppDelegate.m */ = {isa = PBXFileReference; lastKnownFileType = sourcecode.c.objc; path = AppDelegate.m; sourceTree = "<group>"; };
		531A1C1E1B7DFF0200D1380C /* ViewController.h */ = {isa = PBXFileReference; lastKnownFileType = sourcecode.c.h; path = ViewController.h; sourceTree = "<group>"; };
		531A1C1F1B7DFF0200D1380C /* ViewController.m */ = {isa = PBXFileReference; lastKnownFileType = sourcecode.c.objc; path = ViewController.m; sourceTree = "<group>"; };
		531A1C221B7DFF0200D1380C /* Base */ = {isa = PBXFileReference; lastKnownFileType = file.storyboard; name = Base; path = Base.lproj/Main.storyboard; sourceTree = "<group>"; };
		531A1C241B7DFF0200D1380C /* Images.xcassets */ = {isa = PBXFileReference; lastKnownFileType = folder.assetcatalog; path = Images.xcassets; sourceTree = "<group>"; };
		531A1C271B7DFF0200D1380C /* Base */ = {isa = PBXFileReference; lastKnownFileType = file.xib; name = Base; path = Base.lproj/LaunchScreen.xib; sourceTree = "<group>"; };
		531A1C2D1B7DFF0200D1380C /* 01-Popover的基本使用Tests.xctest */ = {isa = PBXFileReference; explicitFileType = wrapper.cfbundle; includeInIndex = 0; path = "01-Popover的基本使用Tests.xctest"; sourceTree = BUILT_PRODUCTS_DIR; };
		531A1C321B7DFF0200D1380C /* Info.plist */ = {isa = PBXFileReference; lastKnownFileType = text.plist.xml; path = Info.plist; sourceTree = "<group>"; };
		531A1C331B7DFF0200D1380C /* _1_Popover_____Tests.m */ = {isa = PBXFileReference; lastKnownFileType = sourcecode.c.objc; path = "_1_Popover_____Tests.m"; sourceTree = "<group>"; };
/* End PBXFileReference section */

/* Begin PBXFrameworksBuildPhase section */
		531A1C111B7DFF0200D1380C /* Frameworks */ = {
			isa = PBXFrameworksBuildPhase;
			buildActionMask = 2147483647;
			files = (
			);
			runOnlyForDeploymentPostprocessing = 0;
		};
		531A1C2A1B7DFF0200D1380C /* Frameworks */ = {
			isa = PBXFrameworksBuildPhase;
			buildActionMask = 2147483647;
			files = (
			);
			runOnlyForDeploymentPostprocessing = 0;
		};
/* End PBXFrameworksBuildPhase section */

/* Begin PBXGroup section */
		531A1C0B1B7DFF0200D1380C = {
			isa = PBXGroup;
			children = (
				531A1C161B7DFF0200D1380C /* 01-Popover的基本使用 */,
				531A1C301B7DFF0200D1380C /* 01-Popover的基本使用Tests */,
				531A1C151B7DFF0200D1380C /* Products */,
			);
			sourceTree = "<group>";
		};
		531A1C151B7DFF0200D1380C /* Products */ = {
			isa = PBXGroup;
			children = (
				531A1C141B7DFF0200D1380C /* 01-Popover的基本使用.app */,
				531A1C2D1B7DFF0200D1380C /* 01-Popover的基本使用Tests.xctest */,
			);
			name = Products;
			sourceTree = "<group>";
		};
		531A1C161B7DFF0200D1380C /* 01-Popover的基本使用 */ = {
			isa = PBXGroup;
			children = (
				531A1C1B1B7DFF0200D1380C /* AppDelegate.h */,
				531A1C1C1B7DFF0200D1380C /* AppDelegate.m */,
				531A1C1E1B7DFF0200D1380C /* ViewController.h */,
				531A1C1F1B7DFF0200D1380C /* ViewController.m */,
				531A1C211B7DFF0200D1380C /* Main.storyboard */,
				531A1C241B7DFF0200D1380C /* Images.xcassets */,
				531A1C261B7DFF0200D1380C /* LaunchScreen.xib */,
				531A1C171B7DFF0200D1380C /* Supporting Files */,
			);
			path = "01-Popover的基本使用";
			sourceTree = "<group>";
		};
		531A1C171B7DFF0200D1380C /* Supporting Files */ = {
			isa = PBXGroup;
			children = (
				531A1C181B7DFF0200D1380C /* Info.plist */,
				531A1C191B7DFF0200D1380C /* main.m */,
			);
			name = "Supporting Files";
			sourceTree = "<group>";
		};
		531A1C301B7DFF0200D1380C /* 01-Popover的基本使用Tests */ = {
			isa = PBXGroup;
			children = (
				531A1C331B7DFF0200D1380C /* _1_Popover_____Tests.m */,
				531A1C311B7DFF0200D1380C /* Supporting Files */,
			);
			path = "01-Popover的基本使用Tests";
			sourceTree = "<group>";
		};
		531A1C311B7DFF0200D1380C /* Supporting Files */ = {
			isa = PBXGroup;
			children = (
				531A1C321B7DFF0200D1380C /* Info.plist */,
			);
			name = "Supporting Files";
			sourceTree = "<group>";
		};
/* End PBXGroup section */

/* Begin PBXNativeTarget section */
		531A1C131B7DFF0200D1380C /* 01-Popover的基本使用 */ = {
			isa = PBXNativeTarget;
			buildConfigurationList = 531A1C371B7DFF0200D1380C /* Build configuration list for PBXNativeTarget "01-Popover的基本使用" */;
			buildPhases = (
				531A1C101B7DFF0200D1380C /* Sources */,
				531A1C111B7DFF0200D1380C /* Frameworks */,
				531A1C121B7DFF0200D1380C /* Resources */,
			);
			buildRules = (
			);
			dependencies = (
			);
			name = "01-Popover的基本使用";
			productName = "01-Popover的基本使用";
			productReference = 531A1C141B7DFF0200D1380C /* 01-Popover的基本使用.app */;
			productType = "com.apple.product-type.application";
		};
		531A1C2C1B7DFF0200D1380C /* 01-Popover的基本使用Tests */ = {
			isa = PBXNativeTarget;
			buildConfigurationList = 531A1C3A1B7DFF0200D1380C /* Build configuration list for PBXNativeTarget "01-Popover的基本使用Tests" */;
			buildPhases = (
				531A1C291B7DFF0200D1380C /* Sources */,
				531A1C2A1B7DFF0200D1380C /* Frameworks */,
				531A1C2B1B7DFF0200D1380C /* Resources */,
			);
			buildRules = (
			);
			dependencies = (
				531A1C2F1B7DFF0200D1380C /* PBXTargetDependency */,
			);
			name = "01-Popover的基本使用Tests";
			productName = "01-Popover的基本使用Tests";
			productReference = 531A1C2D1B7DFF0200D1380C /* 01-Popover的基本使用Tests.xctest */;
			productType = "com.apple.product-type.bundle.unit-test";
		};
/* End PBXNativeTarget section */

/* Begin PBXProject section */
		531A1C0C1B7DFF0200D1380C /* Project object */ = {
			isa = PBXProject;
			attributes = {
				CLASSPREFIX = HM;
				LastUpgradeCheck = 0630;
				ORGANIZATIONNAME = clm;
				TargetAttributes = {
					531A1C131B7DFF0200D1380C = {
						CreatedOnToolsVersion = 6.3.2;
					};
					531A1C2C1B7DFF0200D1380C = {
						CreatedOnToolsVersion = 6.3.2;
						TestTargetID = 531A1C131B7DFF0200D1380C;
					};
				};
			};
			buildConfigurationList = 531A1C0F1B7DFF0200D1380C /* Build configuration list for PBXProject "01-Popover的基本使用" */;
			compatibilityVersion = "Xcode 3.2";
			developmentRegion = English;
			hasScannedForEncodings = 0;
			knownRegions = (
				en,
				Base,
			);
			mainGroup = 531A1C0B1B7DFF0200D1380C;
			productRefGroup = 531A1C151B7DFF0200D1380C /* Products */;
			projectDirPath = "";
			projectRoot = "";
			targets = (
				531A1C131B7DFF0200D1380C /* 01-Popover的基本使用 */,
				531A1C2C1B7DFF0200D1380C /* 01-Popover的基本使用Tests */,
			);
		};
/* End PBXProject section */

/* Begin PBXResourcesBuildPhase section */
		531A1C121B7DFF0200D1380C /* Resources */ = {
			isa = PBXResourcesBuildPhase;
			buildActionMask = 2147483647;
			files = (
				531A1C231B7DFF0200D1380C /* Main.storyboard in Resources */,
				531A1C281B7DFF0200D1380C /* LaunchScreen.xib in Resources */,
				531A1C251B7DFF0200D1380C /* Images.xcassets in Resources */,
			);
			runOnlyForDeploymentPostprocessing = 0;
		};
		531A1C2B1B7DFF0200D1380C /* Resources */ = {
			isa = PBXResourcesBuildPhase;
			buildActionMask = 2147483647;
			files = (
			);
			runOnlyForDeploymentPostprocessing = 0;
		};
/* End PBXResourcesBuildPhase section */

/* Begin PBXSourcesBuildPhase section */
		531A1C101B7DFF0200D1380C /* Sources */ = {
			isa = PBXSourcesBuildPhase;
			buildActionMask = 2147483647;
			files = (
				531A1C201B7DFF0200D1380C /* ViewController.m in Sources */,
				531A1C1D1B7DFF0200D1380C /* AppDelegate.m in Sources */,
				531A1C1A1B7DFF0200D1380C /* main.m in Sources */,
			);
			runOnlyForDeploymentPostprocessing = 0;
		};
		531A1C291B7DFF0200D1380C /* Sources */ = {
			isa = PBXSourcesBuildPhase;
			buildActionMask = 2147483647;
			files = (
				531A1C341B7DFF0200D1380C /* _1_Popover_____Tests.m in Sources */,
			);
			runOnlyForDeploymentPostprocessing = 0;
		};
/* End PBXSourcesBuildPhase section */

/* Begin PBXTargetDependency section */
		531A1C2F1B7DFF0200D1380C /* PBXTargetDependency */ = {
			isa = PBXTargetDependency;
			target = 531A1C131B7DFF0200D1380C /* 01-Popover的基本使用 */;
			targetProxy = 531A1C2E1B7DFF0200D1380C /* PBXContainerItemProxy */;
		};
/* End PBXTargetDependency section */

/* Begin PBXVariantGroup section */
		531A1C211B7DFF0200D1380C /* Main.storyboard */ = {
			isa = PBXVariantGroup;
			children = (
				531A1C221B7DFF0200D1380C /* Base */,
			);
			name = Main.storyboard;
			sourceTree = "<group>";
		};
		531A1C261B7DFF0200D1380C /* LaunchScreen.xib */ = {
			isa = PBXVariantGroup;
			children = (
				531A1C271B7DFF0200D1380C /* Base */,
			);
			name = LaunchScreen.xib;
			sourceTree = "<group>";
		};
/* End PBXVariantGroup section */

/* Begin XCBuildConfiguration section */
		531A1C351B7DFF0200D1380C /* Debug */ = {
			isa = XCBuildConfiguration;
			buildSettings = {
				ALWAYS_SEARCH_USER_PATHS = NO;
				CLANG_CXX_LANGUAGE_STANDARD = "gnu++0x";
				CLANG_CXX_LIBRARY = "libc++";
				CLANG_ENABLE_MODULES = YES;
				CLANG_ENABLE_OBJC_ARC = YES;
				CLANG_WARN_BOOL_CONVERSION = YES;
				CLANG_WARN_CONSTANT_CONVERSION = YES;
				CLANG_WARN_DIRECT_OBJC_ISA_USAGE = YES_ERROR;
				CLANG_WARN_EMPTY_BODY = YES;
				CLANG_WARN_ENUM_CONVERSION = YES;
				CLANG_WARN_INT_CONVERSION = YES;
				CLANG_WARN_OBJC_ROOT_CLASS = YES_ERROR;
				CLANG_WARN_UNREACHABLE_CODE = YES;
				CLANG_WARN__DUPLICATE_METHOD_MATCH = YES;
				"CODE_SIGN_IDENTITY[sdk=iphoneos*]" = "iPhone Developer";
				COPY_PHASE_STRIP = NO;
				DEBUG_INFORMATION_FORMAT = "dwarf-with-dsym";
				ENABLE_STRICT_OBJC_MSGSEND = YES;
				GCC_C_LANGUAGE_STANDARD = gnu99;
				GCC_DYNAMIC_NO_PIC = NO;
				GCC_NO_COMMON_BLOCKS = YES;
				GCC_OPTIMIZATION_LEVEL = 0;
				GCC_PREPROCESSOR_DEFINITIONS = (
					"DEBUG=1",
					"$(inherited)",
				);
				GCC_SYMBOLS_PRIVATE_EXTERN = NO;
				GCC_WARN_64_TO_32_BIT_CONVERSION = YES;
				GCC_WARN_ABOUT_RETURN_TYPE = YES_ERROR;
				GCC_WARN_UNDECLARED_SELECTOR = YES;
				GCC_WARN_UNINITIALIZED_AUTOS = YES_AGGRESSIVE;
				GCC_WARN_UNUSED_FUNCTION = YES;
				GCC_WARN_UNUSED_VARIABLE = YES;
				IPHONEOS_DEPLOYMENT_TARGET = 8.3;
				MTL_ENABLE_DEBUG_INFO = YES;
				ONLY_ACTIVE_ARCH = YES;
				SDKROOT = iphoneos;
				TARGETED_DEVICE_FAMILY = 2;
			};
			name = Debug;
		};
		531A1C361B7DFF0200D1380C /* Release */ = {
			isa = XCBuildConfiguration;
			buildSettings = {
				ALWAYS_SEARCH_USER_PATHS = NO;
				CLANG_CXX_LANGUAGE_STANDARD = "gnu++0x";
				CLANG_CXX_LIBRARY = "libc++";
				CLANG_ENABLE_MODULES = YES;
				CLANG_ENABLE_OBJC_ARC = YES;
				CLANG_WARN_BOOL_CONVERSION = YES;
				CLANG_WARN_CONSTANT_CONVERSION = YES;
				CLANG_WARN_DIRECT_OBJC_ISA_USAGE = YES_ERROR;
				CLANG_WARN_EMPTY_BODY = YES;
				CLANG_WARN_ENUM_CONVERSION = YES;
				CLANG_WARN_INT_CONVERSION = YES;
				CLANG_WARN_OBJC_ROOT_CLASS = YES_ERROR;
				CLANG_WARN_UNREACHABLE_CODE = YES;
				CLANG_WARN__DUPLICATE_METHOD_MATCH = YES;
				"CODE_SIGN_IDENTITY[sdk=iphoneos*]" = "iPhone Developer";
				COPY_PHASE_STRIP = NO;
				DEBUG_INFORMATION_FORMAT = "dwarf-with-dsym";
				ENABLE_NS_ASSERTIONS = NO;
				ENABLE_STRICT_OBJC_MSGSEND = YES;
				GCC_C_LANGUAGE_STANDARD = gnu99;
				GCC_NO_COMMON_BLOCKS = YES;
				GCC_WARN_64_TO_32_BIT_CONVERSION = YES;
				GCC_WARN_ABOUT_RETURN_TYPE = YES_ERROR;
				GCC_WARN_UNDECLARED_SELECTOR = YES;
				GCC_WARN_UNINITIALIZED_AUTOS = YES_AGGRESSIVE;
				GCC_WARN_UNUSED_FUNCTION = YES;
				GCC_WARN_UNUSED_VARIABLE = YES;
				IPHONEOS_DEPLOYMENT_TARGET = 8.3;
				MTL_ENABLE_DEBUG_INFO = NO;
				SDKROOT = iphoneos;
				TARGETED_DEVICE_FAMILY = 2;
				VALIDATE_PRODUCT = YES;
			};
			name = Release;
		};
		531A1C381B7DFF0200D1380C /* Debug */ = {
			isa = XCBuildConfiguration;
			buildSettings = {
				ASSETCATALOG_COMPILER_APPICON_NAME = AppIcon;
				INFOPLIST_FILE = "01-Popover的基本使用/Info.plist";
				LD_RUNPATH_SEARCH_PATHS = "$(inherited) @executable_path/Frameworks";
				PRODUCT_NAME = "$(TARGET_NAME)";
			};
			name = Debug;
		};
		531A1C391B7DFF0200D1380C /* Release */ = {
			isa = XCBuildConfiguration;
			buildSettings = {
				ASSETCATALOG_COMPILER_APPICON_NAME = AppIcon;
				INFOPLIST_FILE = "01-Popover的基本使用/Info.plist";
				LD_RUNPATH_SEARCH_PATHS = "$(inherited) @executable_path/Frameworks";
				PRODUCT_NAME = "$(TARGET_NAME)";
			};
			name = Release;
		};
		531A1C3B1B7DFF0200D1380C /* Debug */ = {
			isa = XCBuildConfiguration;
			buildSettings = {
				BUNDLE_LOADER = "$(TEST_HOST)";
				FRAMEWORK_SEARCH_PATHS = (
					"$(SDKROOT)/Developer/Library/Frameworks",
					"$(inherited)",
				);
				GCC_PREPROCESSOR_DEFINITIONS = (
					"DEBUG=1",
					"$(inherited)",
				);
				INFOPLIST_FILE = "01-Popover的基本使用Tests/Info.plist";
				LD_RUNPATH_SEARCH_PATHS = "$(inherited) @executable_path/Frameworks @loader_path/Frameworks";
				PRODUCT_NAME = "$(TARGET_NAME)";
				TEST_HOST = "$(BUILT_PRODUCTS_DIR)/01-Popover的基本使用.app/01-Popover的基本使用";
			};
			name = Debug;
		};
		531A1C3C1B7DFF0200D1380C /* Release */ = {
			isa = XCBuildConfiguration;
			buildSettings = {
				BUNDLE_LOADER = "$(TEST_HOST)";
				FRAMEWORK_SEARCH_PATHS = (
					"$(SDKROOT)/Developer/Library/Frameworks",
					"$(inherited)",
				);
				INFOPLIST_FILE = "01-Popover的基本使用Tests/Info.plist";
				LD_RUNPATH_SEARCH_PATHS = "$(inherited) @executable_path/Frameworks @loader_path/Frameworks";
				PRODUCT_NAME = "$(TARGET_NAME)";
				TEST_HOST = "$(BUILT_PRODUCTS_DIR)/01-Popover的基本使用.app/01-Popover的基本使用";
			};
			name = Release;
		};
/* End XCBuildConfiguration section */

/* Begin XCConfigurationList section */
		531A1C0F1B7DFF0200D1380C /* Build configuration list for PBXProject "01-Popover的基本使用" */ = {
			isa = XCConfigurationList;
			buildConfigurations = (
				531A1C351B7DFF0200D1380C /* Debug */,
				531A1C361B7DFF0200D1380C /* Release */,
			);
			defaultConfigurationIsVisible = 0;
			defaultConfigurationName = Release;
		};
		531A1C371B7DFF0200D1380C /* Build configuration list for PBXNativeTarget "01-Popover的基本使用" */ = {
			isa = XCConfigurationList;
			buildConfigurations = (
				531A1C381B7DFF0200D1380C /* Debug */,
				531A1C391B7DFF0200D1380C /* Release */,
			);
			defaultConfigurationIsVisible = 0;
		};
		531A1C3A1B7DFF0200D1380C /* Build configuration list for PBXNativeTarget "01-Popover的基本使用Tests" */ = {
			isa = XCConfigurationList;
			buildConfigurations = (
				531A1C3B1B7DFF0200D1380C /* Debug */,
				531A1C3C1B7DFF0200D1380C /* Release */,
			);
			defaultConfigurationIsVisible = 0;
		};
/* End XCConfigurationList section */
	};
	rootObject = 531A1C0C1B7DFF0200D1380C /* Project object */;
}
